// !$*UTF8*$!
{
	archiveVersion = 1;
	classes = {
	};
	objectVersion = 53;
	objects = {

/* Begin PBXBuildFile section */
		7577D60427F0FDE00016E0C7 /* BreedImageViewCell.swift in Sources */ = {isa = PBXBuildFile; fileRef = 7577D60227F0FDE00016E0C7 /* BreedImageViewCell.swift */; };
		7577D60827F149C00016E0C7 /* ImageCache.swift in Sources */ = {isa = PBXBuildFile; fileRef = 7577D60727F149C00016E0C7 /* ImageCache.swift */; };
		75ABC76B27E961ED00C4F1C8 /* AppDelegate.swift in Sources */ = {isa = PBXBuildFile; fileRef = 75ABC76A27E961ED00C4F1C8 /* AppDelegate.swift */; };
		75ABC77427E961F000C4F1C8 /* Assets.xcassets in Resources */ = {isa = PBXBuildFile; fileRef = 75ABC77327E961F000C4F1C8 /* Assets.xcassets */; };
		75ABC77727E961F000C4F1C8 /* LaunchScreen.storyboard in Resources */ = {isa = PBXBuildFile; fileRef = 75ABC77527E961F000C4F1C8 /* LaunchScreen.storyboard */; };
		75C26FA827ED63D00047CFB7 /* ListBreedViewController.swift in Sources */ = {isa = PBXBuildFile; fileRef = 75C26FA627ED63D00047CFB7 /* ListBreedViewController.swift */; };
		75C26FB127ED6BFC0047CFB7 /* ListBreedPresenter.swift in Sources */ = {isa = PBXBuildFile; fileRef = 75C26FB027ED6BFC0047CFB7 /* ListBreedPresenter.swift */; };
		75C26FB827EDEFC20047CFB7 /* BreedImageViewController.swift in Sources */ = {isa = PBXBuildFile; fileRef = 75C26FB627EDEFC20047CFB7 /* BreedImageViewController.swift */; };
		75C26FBF27EDF0A70047CFB7 /* BreedImagePresenter.swift in Sources */ = {isa = PBXBuildFile; fileRef = 75C26FBE27EDF0A70047CFB7 /* BreedImagePresenter.swift */; };
		75C26FEA27EE40CA0047CFB7 /* Seeds.swift in Sources */ = {isa = PBXBuildFile; fileRef = 75C26FE927EE40CA0047CFB7 /* Seeds.swift */; };
		75D4883D27EF614900BF6355 /* BreedViewCell.swift in Sources */ = {isa = PBXBuildFile; fileRef = 75D4883B27EF614900BF6355 /* BreedViewCell.swift */; };
		E401FBA028174A5F00E0CFAB /* ListBreedDataSource.swift in Sources */ = {isa = PBXBuildFile; fileRef = E401FB9F28174A5F00E0CFAB /* ListBreedDataSource.swift */; };
		E429BCD5281045F400F12D5D /* MockURLProtocol.swift in Sources */ = {isa = PBXBuildFile; fileRef = E429BCD4281045F400F12D5D /* MockURLProtocol.swift */; };
		E429BCD92810478100F12D5D /* ListBreedURLSessionRestApiTests.swift in Sources */ = {isa = PBXBuildFile; fileRef = E429BCD82810478100F12D5D /* ListBreedURLSessionRestApiTests.swift */; };
		E429BCDB2810533700F12D5D /* BreedImageURLSessionRestApiTests.swift in Sources */ = {isa = PBXBuildFile; fileRef = E429BCDA2810533700F12D5D /* BreedImageURLSessionRestApiTests.swift */; };
		E429BCDD28107A1F00F12D5D /* ListBreedRepositoryMock.swift in Sources */ = {isa = PBXBuildFile; fileRef = E429BCDC28107A1F00F12D5D /* ListBreedRepositoryMock.swift */; };
		E429BCDF28107A3700F12D5D /* BreedImageRepositoryMock.swift in Sources */ = {isa = PBXBuildFile; fileRef = E429BCDE28107A3700F12D5D /* BreedImageRepositoryMock.swift */; };
		E429BCE128107CAF00F12D5D /* BreedImageUseCaseTests.swift in Sources */ = {isa = PBXBuildFile; fileRef = E429BCE028107CAF00F12D5D /* BreedImageUseCaseTests.swift */; };
		E429BCE328107F3A00F12D5D /* ListBreedUseCaseTests.swift in Sources */ = {isa = PBXBuildFile; fileRef = E429BCE228107F3A00F12D5D /* ListBreedUseCaseTests.swift */; };
		E429BCE92810ACDD00F12D5D /* ListBreedEntityToListBreedDomainMapperTests.swift in Sources */ = {isa = PBXBuildFile; fileRef = E429BCE82810ACDD00F12D5D /* ListBreedEntityToListBreedDomainMapperTests.swift */; };
		E429BCF32810B85000F12D5D /* BreedImageEntityToBreedImageModelMapperTests.swift in Sources */ = {isa = PBXBuildFile; fileRef = E429BCF22810B85000F12D5D /* BreedImageEntityToBreedImageModelMapperTests.swift */; };
		E42B451C280DAD3B00A2E4CC /* ListBreedServiceLocator.swift in Sources */ = {isa = PBXBuildFile; fileRef = E42B451B280DAD3B00A2E4CC /* ListBreedServiceLocator.swift */; };
		E42B451E280E05B400A2E4CC /* ListBreedFactory.swift in Sources */ = {isa = PBXBuildFile; fileRef = E42B451D280E05B400A2E4CC /* ListBreedFactory.swift */; };
		E434665028075BB100FF91F3 /* ListBreedRestApi.swift in Sources */ = {isa = PBXBuildFile; fileRef = E434664F28075BB100FF91F3 /* ListBreedRestApi.swift */; };
		E434665228075BC100FF91F3 /* ListBreedURLSessionRestApi.swift in Sources */ = {isa = PBXBuildFile; fileRef = E434665128075BC100FF91F3 /* ListBreedURLSessionRestApi.swift */; };
		E434665528077C7E00FF91F3 /* BreedImageRestApi.swift in Sources */ = {isa = PBXBuildFile; fileRef = E434665428077C7E00FF91F3 /* BreedImageRestApi.swift */; };
		E434665728077C8900FF91F3 /* BreedImageURLSessionRestApi.swift in Sources */ = {isa = PBXBuildFile; fileRef = E434665628077C8900FF91F3 /* BreedImageURLSessionRestApi.swift */; };
		E43466632808DAA500FF91F3 /* ListBreedRepository.swift in Sources */ = {isa = PBXBuildFile; fileRef = E43466622808DAA500FF91F3 /* ListBreedRepository.swift */; };
		E43466652808DAAE00FF91F3 /* ListBreedApiRepository.swift in Sources */ = {isa = PBXBuildFile; fileRef = E43466642808DAAE00FF91F3 /* ListBreedApiRepository.swift */; };
		E43466672808DAE500FF91F3 /* ListBreedUseCase.swift in Sources */ = {isa = PBXBuildFile; fileRef = E43466662808DAE500FF91F3 /* ListBreedUseCase.swift */; };
		E434666C2808DBAC00FF91F3 /* ListBreedDomain.swift in Sources */ = {isa = PBXBuildFile; fileRef = E434666B2808DBAC00FF91F3 /* ListBreedDomain.swift */; };
		E434666E2808EFC300FF91F3 /* BreedImageDomain.swift in Sources */ = {isa = PBXBuildFile; fileRef = E434666D2808EFC300FF91F3 /* BreedImageDomain.swift */; };
		E43466702808F01700FF91F3 /* BreedImageUseCase.swift in Sources */ = {isa = PBXBuildFile; fileRef = E434666F2808F01700FF91F3 /* BreedImageUseCase.swift */; };
		E43466722808F0B700FF91F3 /* BreedImageRepository.swift in Sources */ = {isa = PBXBuildFile; fileRef = E43466712808F0B700FF91F3 /* BreedImageRepository.swift */; };
		E43466742808F0C700FF91F3 /* BreedImageApiRepository.swift in Sources */ = {isa = PBXBuildFile; fileRef = E43466732808F0C700FF91F3 /* BreedImageApiRepository.swift */; };
		E43501A12824068700EC12D6 /* ListBreedEntity.swift in Sources */ = {isa = PBXBuildFile; fileRef = E43501A02824068700EC12D6 /* ListBreedEntity.swift */; };
		E43501A3282406CB00EC12D6 /* ListBreedViewModel.swift in Sources */ = {isa = PBXBuildFile; fileRef = E43501A2282406CB00EC12D6 /* ListBreedViewModel.swift */; };
		E43501A528240AA600EC12D6 /* ListBreedDomainToListBreedViewModelMapper.swift in Sources */ = {isa = PBXBuildFile; fileRef = E43501A428240AA600EC12D6 /* ListBreedDomainToListBreedViewModelMapper.swift */; };
		E43501A72824104700EC12D6 /* BreedImageEntity.swift in Sources */ = {isa = PBXBuildFile; fileRef = E43501A62824104700EC12D6 /* BreedImageEntity.swift */; };
		E43501A92824107A00EC12D6 /* BreedImageViewModel.swift in Sources */ = {isa = PBXBuildFile; fileRef = E43501A82824107A00EC12D6 /* BreedImageViewModel.swift */; };
		E43501AB2824120D00EC12D6 /* BreedImageDomainToBreedImageViewModelMapper.swift in Sources */ = {isa = PBXBuildFile; fileRef = E43501AA2824120D00EC12D6 /* BreedImageDomainToBreedImageViewModelMapper.swift */; };
		E43501AF2824299400EC12D6 /* BreedImageDataSource.swift in Sources */ = {isa = PBXBuildFile; fileRef = E43501AE2824299400EC12D6 /* BreedImageDataSource.swift */; };
		E43501B128242C5600EC12D6 /* BreedImageDelegate.swift in Sources */ = {isa = PBXBuildFile; fileRef = E43501B028242C5600EC12D6 /* BreedImageDelegate.swift */; };
		E43501B328255AD700EC12D6 /* ListBreedDomainToListBreedViewModelMapperTests.swift in Sources */ = {isa = PBXBuildFile; fileRef = E43501B228255AD700EC12D6 /* ListBreedDomainToListBreedViewModelMapperTests.swift */; };
		E43501B528255D5D00EC12D6 /* BreedImageDomainToBreedImageViewModelMapperTests.swift in Sources */ = {isa = PBXBuildFile; fileRef = E43501B428255D5D00EC12D6 /* BreedImageDomainToBreedImageViewModelMapperTests.swift */; };
		E43501B728255E5300EC12D6 /* StringToBreedViewModelMapperTests.swift in Sources */ = {isa = PBXBuildFile; fileRef = E43501B628255E5300EC12D6 /* StringToBreedViewModelMapperTests.swift */; };
		E43C16FD2811DF9E00207907 /* UIView+DogBreeds.swift in Sources */ = {isa = PBXBuildFile; fileRef = E43C16FC2811DF9E00207907 /* UIView+DogBreeds.swift */; };
		E4B516732825719000D79696 /* ListBreedDataSourceTests.swift in Sources */ = {isa = PBXBuildFile; fileRef = E4B516722825719000D79696 /* ListBreedDataSourceTests.swift */; };
		E4B516752825720300D79696 /* ListBreedDelegateTests.swift in Sources */ = {isa = PBXBuildFile; fileRef = E4B516742825720300D79696 /* ListBreedDelegateTests.swift */; };
		E4B516772825727800D79696 /* ListBreedPresenterTests.swift in Sources */ = {isa = PBXBuildFile; fileRef = E4B516762825727800D79696 /* ListBreedPresenterTests.swift */; };
		E4B51679282572FF00D79696 /* BreedDetailDataSourceTests.swift in Sources */ = {isa = PBXBuildFile; fileRef = E4B51678282572FF00D79696 /* BreedDetailDataSourceTests.swift */; };
		E4B5167B2825731800D79696 /* BreedDetailDelegateTests.swift in Sources */ = {isa = PBXBuildFile; fileRef = E4B5167A2825731800D79696 /* BreedDetailDelegateTests.swift */; };
		E4B5167F2825740F00D79696 /* BreedImageDataSourceTests.swift in Sources */ = {isa = PBXBuildFile; fileRef = E4B5167E2825740F00D79696 /* BreedImageDataSourceTests.swift */; };
		E4B51681282574B500D79696 /* BreedImageDelegateTests.swift in Sources */ = {isa = PBXBuildFile; fileRef = E4B51680282574B500D79696 /* BreedImageDelegateTests.swift */; };
		E4B516832825752200D79696 /* BreedImagePresenterTests.swift in Sources */ = {isa = PBXBuildFile; fileRef = E4B516822825752200D79696 /* BreedImagePresenterTests.swift */; };
		E4B516852825CE3A00D79696 /* BreedImageViewControllerMock.swift in Sources */ = {isa = PBXBuildFile; fileRef = E4B516842825CE3A00D79696 /* BreedImageViewControllerMock.swift */; };
		E4BF0FE42818456A0034DFF7 /* BreedDetailViewController.swift in Sources */ = {isa = PBXBuildFile; fileRef = E4BF0FE32818456A0034DFF7 /* BreedDetailViewController.swift */; };
		E4BF0FE7281846280034DFF7 /* BreedDetailDataSource.swift in Sources */ = {isa = PBXBuildFile; fileRef = E4BF0FE6281846280034DFF7 /* BreedDetailDataSource.swift */; };
		E4BF0FEC281848FB0034DFF7 /* BreedDetailViewCell.swift in Sources */ = {isa = PBXBuildFile; fileRef = E4BF0FEB281848FB0034DFF7 /* BreedDetailViewCell.swift */; };
		E4BF0FEE28187A4E0034DFF7 /* UIImageView+DogBreeds.swift in Sources */ = {isa = PBXBuildFile; fileRef = E4BF0FED28187A4E0034DFF7 /* UIImageView+DogBreeds.swift */; };
		E4C7A9F328197D44002D890F /* BreedDetailDelegate.swift in Sources */ = {isa = PBXBuildFile; fileRef = E4C7A9F228197D44002D890F /* BreedDetailDelegate.swift */; };
		E4C7A9F72819C591002D890F /* UIViewController+DogBreeds.swift in Sources */ = {isa = PBXBuildFile; fileRef = E4C7A9F62819C591002D890F /* UIViewController+DogBreeds.swift */; };
		E4C7A9FB281A07D8002D890F /* BreedDetail.swift in Sources */ = {isa = PBXBuildFile; fileRef = E4C7A9FA281A07D8002D890F /* BreedDetail.swift */; };
		E4C7A9FD281AD8A7002D890F /* ImageToBreedDetailViewModelMapper.swift in Sources */ = {isa = PBXBuildFile; fileRef = E4C7A9FC281AD8A7002D890F /* ImageToBreedDetailViewModelMapper.swift */; };
		E4C7A9FF281B0430002D890F /* ImageToBreedDetailViewModelMapperTests.swift in Sources */ = {isa = PBXBuildFile; fileRef = E4C7A9FE281B0430002D890F /* ImageToBreedDetailViewModelMapperTests.swift */; };
		E4EEDCBC2821CD5600D533FA /* ViewControllerFactory.swift in Sources */ = {isa = PBXBuildFile; fileRef = E4EEDCBB2821CD5600D533FA /* ViewControllerFactory.swift */; };
		E4EEDCC02821D39000D533FA /* ViewFactoryType.swift in Sources */ = {isa = PBXBuildFile; fileRef = E4EEDCBF2821D39000D533FA /* ViewFactoryType.swift */; };
		E4EEDCC22821D5F900D533FA /* BreedDetailFactory.swift in Sources */ = {isa = PBXBuildFile; fileRef = E4EEDCC12821D5F900D533FA /* BreedDetailFactory.swift */; };
		E4F195E82820283F007701A1 /* TitleViewCell.swift in Sources */ = {isa = PBXBuildFile; fileRef = E4F195E72820283F007701A1 /* TitleViewCell.swift */; };
		E4F195EA28202C34007701A1 /* ImageViewCell.swift in Sources */ = {isa = PBXBuildFile; fileRef = E4F195E928202C34007701A1 /* ImageViewCell.swift */; };
		E4F195EC28203462007701A1 /* DescriptionViewCell.swift in Sources */ = {isa = PBXBuildFile; fileRef = E4F195EB28203462007701A1 /* DescriptionViewCell.swift */; };
		E4F195EF28207CE9007701A1 /* BreedDetailCellType.swift in Sources */ = {isa = PBXBuildFile; fileRef = E4F195EE28207CE9007701A1 /* BreedDetailCellType.swift */; };
		E4F3E14E280F041300F1223B /* BreedServiceLocator.swift in Sources */ = {isa = PBXBuildFile; fileRef = E4F3E14D280F041300F1223B /* BreedServiceLocator.swift */; };
		E4F3E150280F160400F1223B /* BreedImageFactory.swift in Sources */ = {isa = PBXBuildFile; fileRef = E4F3E14F280F160400F1223B /* BreedImageFactory.swift */; };
		E4F3E154280F2E8C00F1223B /* Mapper.swift in Sources */ = {isa = PBXBuildFile; fileRef = E4F3E153280F2E8C00F1223B /* Mapper.swift */; };
		E4F3E156280F31CF00F1223B /* ListBreedEntityToListBreedDomainMapper.swift in Sources */ = {isa = PBXBuildFile; fileRef = E4F3E155280F31CF00F1223B /* ListBreedEntityToListBreedDomainMapper.swift */; };
		E4F3E159280F4F6900F1223B /* ListBreedApiRepositoryTests.swift in Sources */ = {isa = PBXBuildFile; fileRef = E4F3E158280F4F6900F1223B /* ListBreedApiRepositoryTests.swift */; };
		E4F3E15C280F627C00F1223B /* ListBreedRestApiMock.swift in Sources */ = {isa = PBXBuildFile; fileRef = E4F3E15B280F627C00F1223B /* ListBreedRestApiMock.swift */; };
		E4F3E15E280F64B800F1223B /* BreedImageEntityToBreedImageDomainMapper.swift in Sources */ = {isa = PBXBuildFile; fileRef = E4F3E15D280F64B800F1223B /* BreedImageEntityToBreedImageDomainMapper.swift */; };
		E4F3E164280F689D00F1223B /* BreedImageRestApiMock.swift in Sources */ = {isa = PBXBuildFile; fileRef = E4F3E163280F689D00F1223B /* BreedImageRestApiMock.swift */; };
		E4F3E166280F68E400F1223B /* BreedImageApiRepositoryTest.swift in Sources */ = {isa = PBXBuildFile; fileRef = E4F3E165280F68E400F1223B /* BreedImageApiRepositoryTest.swift */; };
		E4FBA2D02822F299005CF228 /* Breed.swift in Sources */ = {isa = PBXBuildFile; fileRef = E4FBA2CF2822F299005CF228 /* Breed.swift */; };
		E4FBA2D22822F776005CF228 /* StringToBreedViewModelMapper.swift in Sources */ = {isa = PBXBuildFile; fileRef = E4FBA2D12822F776005CF228 /* StringToBreedViewModelMapper.swift */; };
		E4FBA2D428230365005CF228 /* ListBreedDelegate.swift in Sources */ = {isa = PBXBuildFile; fileRef = E4FBA2D328230365005CF228 /* ListBreedDelegate.swift */; };
/* End PBXBuildFile section */

/* Begin PBXContainerItemProxy section */
		75C26FD427EE21AD0047CFB7 /* PBXContainerItemProxy */ = {
			isa = PBXContainerItemProxy;
			containerPortal = 75ABC75F27E961ED00C4F1C8 /* Project object */;
			proxyType = 1;
			remoteGlobalIDString = 75ABC76627E961ED00C4F1C8;
			remoteInfo = "Dog Breeds";
		};
/* End PBXContainerItemProxy section */

/* Begin PBXFileReference section */
		7577D60227F0FDE00016E0C7 /* BreedImageViewCell.swift */ = {isa = PBXFileReference; lastKnownFileType = sourcecode.swift; path = BreedImageViewCell.swift; sourceTree = "<group>"; };
		7577D60727F149C00016E0C7 /* ImageCache.swift */ = {isa = PBXFileReference; lastKnownFileType = sourcecode.swift; path = ImageCache.swift; sourceTree = "<group>"; };
		75ABC76727E961ED00C4F1C8 /* Dog Breeds.app */ = {isa = PBXFileReference; explicitFileType = wrapper.application; includeInIndex = 0; path = "Dog Breeds.app"; sourceTree = BUILT_PRODUCTS_DIR; };
		75ABC76A27E961ED00C4F1C8 /* AppDelegate.swift */ = {isa = PBXFileReference; lastKnownFileType = sourcecode.swift; path = AppDelegate.swift; sourceTree = "<group>"; };
		75ABC77327E961F000C4F1C8 /* Assets.xcassets */ = {isa = PBXFileReference; lastKnownFileType = folder.assetcatalog; path = Assets.xcassets; sourceTree = "<group>"; };
		75ABC77627E961F000C4F1C8 /* Base */ = {isa = PBXFileReference; lastKnownFileType = file.storyboard; name = Base; path = Base.lproj/LaunchScreen.storyboard; sourceTree = "<group>"; };
		75ABC77827E961F000C4F1C8 /* Info.plist */ = {isa = PBXFileReference; lastKnownFileType = text.plist.xml; path = Info.plist; sourceTree = "<group>"; };
		75C26FA627ED63D00047CFB7 /* ListBreedViewController.swift */ = {isa = PBXFileReference; lastKnownFileType = sourcecode.swift; path = ListBreedViewController.swift; sourceTree = "<group>"; };
		75C26FB027ED6BFC0047CFB7 /* ListBreedPresenter.swift */ = {isa = PBXFileReference; lastKnownFileType = sourcecode.swift; path = ListBreedPresenter.swift; sourceTree = "<group>"; };
		75C26FB627EDEFC20047CFB7 /* BreedImageViewController.swift */ = {isa = PBXFileReference; lastKnownFileType = sourcecode.swift; path = BreedImageViewController.swift; sourceTree = "<group>"; };
		75C26FBE27EDF0A70047CFB7 /* BreedImagePresenter.swift */ = {isa = PBXFileReference; lastKnownFileType = sourcecode.swift; path = BreedImagePresenter.swift; sourceTree = "<group>"; };
		75C26FD027EE21AD0047CFB7 /* Dog Breeds Tests.xctest */ = {isa = PBXFileReference; explicitFileType = wrapper.cfbundle; includeInIndex = 0; path = "Dog Breeds Tests.xctest"; sourceTree = BUILT_PRODUCTS_DIR; };
		75C26FE927EE40CA0047CFB7 /* Seeds.swift */ = {isa = PBXFileReference; lastKnownFileType = sourcecode.swift; path = Seeds.swift; sourceTree = "<group>"; };
		75D4883B27EF614900BF6355 /* BreedViewCell.swift */ = {isa = PBXFileReference; lastKnownFileType = sourcecode.swift; path = BreedViewCell.swift; sourceTree = "<group>"; };
		E401FB9F28174A5F00E0CFAB /* ListBreedDataSource.swift */ = {isa = PBXFileReference; lastKnownFileType = sourcecode.swift; path = ListBreedDataSource.swift; sourceTree = "<group>"; };
		E429BCD4281045F400F12D5D /* MockURLProtocol.swift */ = {isa = PBXFileReference; lastKnownFileType = sourcecode.swift; path = MockURLProtocol.swift; sourceTree = "<group>"; };
		E429BCD82810478100F12D5D /* ListBreedURLSessionRestApiTests.swift */ = {isa = PBXFileReference; lastKnownFileType = sourcecode.swift; path = ListBreedURLSessionRestApiTests.swift; sourceTree = "<group>"; };
		E429BCDA2810533700F12D5D /* BreedImageURLSessionRestApiTests.swift */ = {isa = PBXFileReference; lastKnownFileType = sourcecode.swift; path = BreedImageURLSessionRestApiTests.swift; sourceTree = "<group>"; };
		E429BCDC28107A1F00F12D5D /* ListBreedRepositoryMock.swift */ = {isa = PBXFileReference; lastKnownFileType = sourcecode.swift; path = ListBreedRepositoryMock.swift; sourceTree = "<group>"; };
		E429BCDE28107A3700F12D5D /* BreedImageRepositoryMock.swift */ = {isa = PBXFileReference; lastKnownFileType = sourcecode.swift; path = BreedImageRepositoryMock.swift; sourceTree = "<group>"; };
		E429BCE028107CAF00F12D5D /* BreedImageUseCaseTests.swift */ = {isa = PBXFileReference; lastKnownFileType = sourcecode.swift; path = BreedImageUseCaseTests.swift; sourceTree = "<group>"; };
		E429BCE228107F3A00F12D5D /* ListBreedUseCaseTests.swift */ = {isa = PBXFileReference; lastKnownFileType = sourcecode.swift; path = ListBreedUseCaseTests.swift; sourceTree = "<group>"; };
		E429BCE82810ACDD00F12D5D /* ListBreedEntityToListBreedDomainMapperTests.swift */ = {isa = PBXFileReference; lastKnownFileType = sourcecode.swift; path = ListBreedEntityToListBreedDomainMapperTests.swift; sourceTree = "<group>"; };
		E429BCF22810B85000F12D5D /* BreedImageEntityToBreedImageModelMapperTests.swift */ = {isa = PBXFileReference; lastKnownFileType = sourcecode.swift; path = BreedImageEntityToBreedImageModelMapperTests.swift; sourceTree = "<group>"; };
		E42B451B280DAD3B00A2E4CC /* ListBreedServiceLocator.swift */ = {isa = PBXFileReference; lastKnownFileType = sourcecode.swift; path = ListBreedServiceLocator.swift; sourceTree = "<group>"; };
		E42B451D280E05B400A2E4CC /* ListBreedFactory.swift */ = {isa = PBXFileReference; lastKnownFileType = sourcecode.swift; path = ListBreedFactory.swift; sourceTree = "<group>"; };
		E434664F28075BB100FF91F3 /* ListBreedRestApi.swift */ = {isa = PBXFileReference; lastKnownFileType = sourcecode.swift; path = ListBreedRestApi.swift; sourceTree = "<group>"; };
		E434665128075BC100FF91F3 /* ListBreedURLSessionRestApi.swift */ = {isa = PBXFileReference; lastKnownFileType = sourcecode.swift; path = ListBreedURLSessionRestApi.swift; sourceTree = "<group>"; };
		E434665428077C7E00FF91F3 /* BreedImageRestApi.swift */ = {isa = PBXFileReference; lastKnownFileType = sourcecode.swift; path = BreedImageRestApi.swift; sourceTree = "<group>"; };
		E434665628077C8900FF91F3 /* BreedImageURLSessionRestApi.swift */ = {isa = PBXFileReference; lastKnownFileType = sourcecode.swift; path = BreedImageURLSessionRestApi.swift; sourceTree = "<group>"; };
		E43466622808DAA500FF91F3 /* ListBreedRepository.swift */ = {isa = PBXFileReference; lastKnownFileType = sourcecode.swift; path = ListBreedRepository.swift; sourceTree = "<group>"; };
		E43466642808DAAE00FF91F3 /* ListBreedApiRepository.swift */ = {isa = PBXFileReference; lastKnownFileType = sourcecode.swift; path = ListBreedApiRepository.swift; sourceTree = "<group>"; };
		E43466662808DAE500FF91F3 /* ListBreedUseCase.swift */ = {isa = PBXFileReference; lastKnownFileType = sourcecode.swift; path = ListBreedUseCase.swift; sourceTree = "<group>"; };
		E434666B2808DBAC00FF91F3 /* ListBreedDomain.swift */ = {isa = PBXFileReference; lastKnownFileType = sourcecode.swift; path = ListBreedDomain.swift; sourceTree = "<group>"; };
		E434666D2808EFC300FF91F3 /* BreedImageDomain.swift */ = {isa = PBXFileReference; lastKnownFileType = sourcecode.swift; path = BreedImageDomain.swift; sourceTree = "<group>"; };
		E434666F2808F01700FF91F3 /* BreedImageUseCase.swift */ = {isa = PBXFileReference; lastKnownFileType = sourcecode.swift; path = BreedImageUseCase.swift; sourceTree = "<group>"; };
		E43466712808F0B700FF91F3 /* BreedImageRepository.swift */ = {isa = PBXFileReference; lastKnownFileType = sourcecode.swift; path = BreedImageRepository.swift; sourceTree = "<group>"; };
		E43466732808F0C700FF91F3 /* BreedImageApiRepository.swift */ = {isa = PBXFileReference; lastKnownFileType = sourcecode.swift; path = BreedImageApiRepository.swift; sourceTree = "<group>"; };
		E43501A02824068700EC12D6 /* ListBreedEntity.swift */ = {isa = PBXFileReference; lastKnownFileType = sourcecode.swift; path = ListBreedEntity.swift; sourceTree = "<group>"; };
		E43501A2282406CB00EC12D6 /* ListBreedViewModel.swift */ = {isa = PBXFileReference; lastKnownFileType = sourcecode.swift; path = ListBreedViewModel.swift; sourceTree = "<group>"; };
		E43501A428240AA600EC12D6 /* ListBreedDomainToListBreedViewModelMapper.swift */ = {isa = PBXFileReference; lastKnownFileType = sourcecode.swift; path = ListBreedDomainToListBreedViewModelMapper.swift; sourceTree = "<group>"; };
		E43501A62824104700EC12D6 /* BreedImageEntity.swift */ = {isa = PBXFileReference; lastKnownFileType = sourcecode.swift; path = BreedImageEntity.swift; sourceTree = "<group>"; };
		E43501A82824107A00EC12D6 /* BreedImageViewModel.swift */ = {isa = PBXFileReference; lastKnownFileType = sourcecode.swift; path = BreedImageViewModel.swift; sourceTree = "<group>"; };
		E43501AA2824120D00EC12D6 /* BreedImageDomainToBreedImageViewModelMapper.swift */ = {isa = PBXFileReference; lastKnownFileType = sourcecode.swift; path = BreedImageDomainToBreedImageViewModelMapper.swift; sourceTree = "<group>"; };
		E43501AE2824299400EC12D6 /* BreedImageDataSource.swift */ = {isa = PBXFileReference; lastKnownFileType = sourcecode.swift; path = BreedImageDataSource.swift; sourceTree = "<group>"; };
		E43501B028242C5600EC12D6 /* BreedImageDelegate.swift */ = {isa = PBXFileReference; lastKnownFileType = sourcecode.swift; path = BreedImageDelegate.swift; sourceTree = "<group>"; };
		E43501B228255AD700EC12D6 /* ListBreedDomainToListBreedViewModelMapperTests.swift */ = {isa = PBXFileReference; lastKnownFileType = sourcecode.swift; path = ListBreedDomainToListBreedViewModelMapperTests.swift; sourceTree = "<group>"; };
		E43501B428255D5D00EC12D6 /* BreedImageDomainToBreedImageViewModelMapperTests.swift */ = {isa = PBXFileReference; lastKnownFileType = sourcecode.swift; path = BreedImageDomainToBreedImageViewModelMapperTests.swift; sourceTree = "<group>"; };
		E43501B628255E5300EC12D6 /* StringToBreedViewModelMapperTests.swift */ = {isa = PBXFileReference; lastKnownFileType = sourcecode.swift; path = StringToBreedViewModelMapperTests.swift; sourceTree = "<group>"; };
		E43C16FC2811DF9E00207907 /* UIView+DogBreeds.swift */ = {isa = PBXFileReference; lastKnownFileType = sourcecode.swift; path = "UIView+DogBreeds.swift"; sourceTree = "<group>"; };
		E4B516722825719000D79696 /* ListBreedDataSourceTests.swift */ = {isa = PBXFileReference; lastKnownFileType = sourcecode.swift; path = ListBreedDataSourceTests.swift; sourceTree = "<group>"; };
		E4B516742825720300D79696 /* ListBreedDelegateTests.swift */ = {isa = PBXFileReference; lastKnownFileType = sourcecode.swift; path = ListBreedDelegateTests.swift; sourceTree = "<group>"; };
		E4B516762825727800D79696 /* ListBreedPresenterTests.swift */ = {isa = PBXFileReference; lastKnownFileType = sourcecode.swift; path = ListBreedPresenterTests.swift; sourceTree = "<group>"; };
		E4B51678282572FF00D79696 /* BreedDetailDataSourceTests.swift */ = {isa = PBXFileReference; lastKnownFileType = sourcecode.swift; path = BreedDetailDataSourceTests.swift; sourceTree = "<group>"; };
		E4B5167A2825731800D79696 /* BreedDetailDelegateTests.swift */ = {isa = PBXFileReference; lastKnownFileType = sourcecode.swift; path = BreedDetailDelegateTests.swift; sourceTree = "<group>"; };
		E4B5167E2825740F00D79696 /* BreedImageDataSourceTests.swift */ = {isa = PBXFileReference; lastKnownFileType = sourcecode.swift; path = BreedImageDataSourceTests.swift; sourceTree = "<group>"; };
		E4B51680282574B500D79696 /* BreedImageDelegateTests.swift */ = {isa = PBXFileReference; lastKnownFileType = sourcecode.swift; path = BreedImageDelegateTests.swift; sourceTree = "<group>"; };
		E4B516822825752200D79696 /* BreedImagePresenterTests.swift */ = {isa = PBXFileReference; lastKnownFileType = sourcecode.swift; path = BreedImagePresenterTests.swift; sourceTree = "<group>"; };
		E4B516842825CE3A00D79696 /* BreedImageViewControllerMock.swift */ = {isa = PBXFileReference; lastKnownFileType = sourcecode.swift; path = BreedImageViewControllerMock.swift; sourceTree = "<group>"; };
		E4BF0FE32818456A0034DFF7 /* BreedDetailViewController.swift */ = {isa = PBXFileReference; lastKnownFileType = sourcecode.swift; path = BreedDetailViewController.swift; sourceTree = "<group>"; };
		E4BF0FE6281846280034DFF7 /* BreedDetailDataSource.swift */ = {isa = PBXFileReference; lastKnownFileType = sourcecode.swift; path = BreedDetailDataSource.swift; sourceTree = "<group>"; };
		E4BF0FEB281848FB0034DFF7 /* BreedDetailViewCell.swift */ = {isa = PBXFileReference; lastKnownFileType = sourcecode.swift; path = BreedDetailViewCell.swift; sourceTree = "<group>"; };
		E4BF0FED28187A4E0034DFF7 /* UIImageView+DogBreeds.swift */ = {isa = PBXFileReference; lastKnownFileType = sourcecode.swift; path = "UIImageView+DogBreeds.swift"; sourceTree = "<group>"; };
		E4C7A9F228197D44002D890F /* BreedDetailDelegate.swift */ = {isa = PBXFileReference; lastKnownFileType = sourcecode.swift; path = BreedDetailDelegate.swift; sourceTree = "<group>"; };
		E4C7A9F62819C591002D890F /* UIViewController+DogBreeds.swift */ = {isa = PBXFileReference; lastKnownFileType = sourcecode.swift; path = "UIViewController+DogBreeds.swift"; sourceTree = "<group>"; };
		E4C7A9FA281A07D8002D890F /* BreedDetail.swift */ = {isa = PBXFileReference; lastKnownFileType = sourcecode.swift; path = BreedDetail.swift; sourceTree = "<group>"; };
		E4C7A9FC281AD8A7002D890F /* ImageToBreedDetailViewModelMapper.swift */ = {isa = PBXFileReference; lastKnownFileType = sourcecode.swift; path = ImageToBreedDetailViewModelMapper.swift; sourceTree = "<group>"; };
		E4C7A9FE281B0430002D890F /* ImageToBreedDetailViewModelMapperTests.swift */ = {isa = PBXFileReference; lastKnownFileType = sourcecode.swift; path = ImageToBreedDetailViewModelMapperTests.swift; sourceTree = "<group>"; };
		E4EEDCBB2821CD5600D533FA /* ViewControllerFactory.swift */ = {isa = PBXFileReference; lastKnownFileType = sourcecode.swift; path = ViewControllerFactory.swift; sourceTree = "<group>"; };
		E4EEDCBF2821D39000D533FA /* ViewFactoryType.swift */ = {isa = PBXFileReference; fileEncoding = 4; lastKnownFileType = sourcecode.swift; path = ViewFactoryType.swift; sourceTree = "<group>"; };
		E4EEDCC12821D5F900D533FA /* BreedDetailFactory.swift */ = {isa = PBXFileReference; lastKnownFileType = sourcecode.swift; path = BreedDetailFactory.swift; sourceTree = "<group>"; };
		E4F195E72820283F007701A1 /* TitleViewCell.swift */ = {isa = PBXFileReference; lastKnownFileType = sourcecode.swift; path = TitleViewCell.swift; sourceTree = "<group>"; };
		E4F195E928202C34007701A1 /* ImageViewCell.swift */ = {isa = PBXFileReference; lastKnownFileType = sourcecode.swift; path = ImageViewCell.swift; sourceTree = "<group>"; };
		E4F195EB28203462007701A1 /* DescriptionViewCell.swift */ = {isa = PBXFileReference; lastKnownFileType = sourcecode.swift; path = DescriptionViewCell.swift; sourceTree = "<group>"; };
		E4F195EE28207CE9007701A1 /* BreedDetailCellType.swift */ = {isa = PBXFileReference; lastKnownFileType = sourcecode.swift; path = BreedDetailCellType.swift; sourceTree = "<group>"; };
		E4F3E14D280F041300F1223B /* BreedServiceLocator.swift */ = {isa = PBXFileReference; lastKnownFileType = sourcecode.swift; path = BreedServiceLocator.swift; sourceTree = "<group>"; };
		E4F3E14F280F160400F1223B /* BreedImageFactory.swift */ = {isa = PBXFileReference; lastKnownFileType = sourcecode.swift; path = BreedImageFactory.swift; sourceTree = "<group>"; };
		E4F3E153280F2E8C00F1223B /* Mapper.swift */ = {isa = PBXFileReference; lastKnownFileType = sourcecode.swift; path = Mapper.swift; sourceTree = "<group>"; };
		E4F3E155280F31CF00F1223B /* ListBreedEntityToListBreedDomainMapper.swift */ = {isa = PBXFileReference; lastKnownFileType = sourcecode.swift; path = ListBreedEntityToListBreedDomainMapper.swift; sourceTree = "<group>"; };
		E4F3E158280F4F6900F1223B /* ListBreedApiRepositoryTests.swift */ = {isa = PBXFileReference; lastKnownFileType = sourcecode.swift; path = ListBreedApiRepositoryTests.swift; sourceTree = "<group>"; };
		E4F3E15B280F627C00F1223B /* ListBreedRestApiMock.swift */ = {isa = PBXFileReference; lastKnownFileType = sourcecode.swift; path = ListBreedRestApiMock.swift; sourceTree = "<group>"; };
		E4F3E15D280F64B800F1223B /* BreedImageEntityToBreedImageDomainMapper.swift */ = {isa = PBXFileReference; lastKnownFileType = sourcecode.swift; path = BreedImageEntityToBreedImageDomainMapper.swift; sourceTree = "<group>"; };
		E4F3E163280F689D00F1223B /* BreedImageRestApiMock.swift */ = {isa = PBXFileReference; lastKnownFileType = sourcecode.swift; path = BreedImageRestApiMock.swift; sourceTree = "<group>"; };
		E4F3E165280F68E400F1223B /* BreedImageApiRepositoryTest.swift */ = {isa = PBXFileReference; lastKnownFileType = sourcecode.swift; path = BreedImageApiRepositoryTest.swift; sourceTree = "<group>"; };
		E4FBA2CF2822F299005CF228 /* Breed.swift */ = {isa = PBXFileReference; lastKnownFileType = sourcecode.swift; path = Breed.swift; sourceTree = "<group>"; };
		E4FBA2D12822F776005CF228 /* StringToBreedViewModelMapper.swift */ = {isa = PBXFileReference; lastKnownFileType = sourcecode.swift; path = StringToBreedViewModelMapper.swift; sourceTree = "<group>"; };
		E4FBA2D328230365005CF228 /* ListBreedDelegate.swift */ = {isa = PBXFileReference; lastKnownFileType = sourcecode.swift; path = ListBreedDelegate.swift; sourceTree = "<group>"; };
/* End PBXFileReference section */

/* Begin PBXFrameworksBuildPhase section */
		75ABC76427E961ED00C4F1C8 /* Frameworks */ = {
			isa = PBXFrameworksBuildPhase;
			buildActionMask = 2147483647;
			files = (
			);
			runOnlyForDeploymentPostprocessing = 0;
		};
		75C26FCD27EE21AD0047CFB7 /* Frameworks */ = {
			isa = PBXFrameworksBuildPhase;
			buildActionMask = 2147483647;
			files = (
			);
			runOnlyForDeploymentPostprocessing = 0;
		};
/* End PBXFrameworksBuildPhase section */

/* Begin PBXGroup section */
		7577D60127F0FDBA0016E0C7 /* Cells */ = {
			isa = PBXGroup;
			children = (
				7577D60227F0FDE00016E0C7 /* BreedImageViewCell.swift */,
			);
			path = Cells;
			sourceTree = "<group>";
		};
		7577D60627F149A60016E0C7 /* Extension */ = {
			isa = PBXGroup;
			children = (
				E43C16FC2811DF9E00207907 /* UIView+DogBreeds.swift */,
				E4BF0FED28187A4E0034DFF7 /* UIImageView+DogBreeds.swift */,
				E4C7A9F62819C591002D890F /* UIViewController+DogBreeds.swift */,
			);
			path = Extension;
			sourceTree = "<group>";
		};
		75ABC75E27E961ED00C4F1C8 = {
			isa = PBXGroup;
			children = (
				75ABC76927E961ED00C4F1C8 /* Dog Breeds */,
				75C26FD127EE21AD0047CFB7 /* Dog Breeds Tests */,
				75ABC76827E961ED00C4F1C8 /* Products */,
			);
			sourceTree = "<group>";
		};
		75ABC76827E961ED00C4F1C8 /* Products */ = {
			isa = PBXGroup;
			children = (
				75ABC76727E961ED00C4F1C8 /* Dog Breeds.app */,
				75C26FD027EE21AD0047CFB7 /* Dog Breeds Tests.xctest */,
			);
			name = Products;
			sourceTree = "<group>";
		};
		75ABC76927E961ED00C4F1C8 /* Dog Breeds */ = {
			isa = PBXGroup;
			children = (
				75C26FB427ED6CA30047CFB7 /* App */,
				75C26FAC27ED64220047CFB7 /* Features */,
				7577D60627F149A60016E0C7 /* Extension */,
				E401FB9B2816C70700E0CFAB /* Utils */,
				75C26FC727EDF37C0047CFB7 /* Resources */,
			);
			path = "Dog Breeds";
			sourceTree = "<group>";
		};
		75C26FAC27ED64220047CFB7 /* Features */ = {
			isa = PBXGroup;
			children = (
				75C26FAD27ED642F0047CFB7 /* List Breed */,
				75C26FB527EDEF050047CFB7 /* Breed Images */,
				E49639632818198000FDFF4E /* Breed Detail */,
			);
			path = Features;
			sourceTree = "<group>";
		};
		75C26FAD27ED642F0047CFB7 /* List Breed */ = {
			isa = PBXGroup;
			children = (
				E42B451A280DAD1D00A2E4CC /* DI */,
				E43466592808D55500FF91F3 /* Data */,
				E434665C2808DA2400FF91F3 /* Domain */,
				75D4883A27EF612100BF6355 /* Cells */,
				75C26FA627ED63D00047CFB7 /* ListBreedViewController.swift */,
				E401FB9F28174A5F00E0CFAB /* ListBreedDataSource.swift */,
				E4FBA2D328230365005CF228 /* ListBreedDelegate.swift */,
				75C26FB027ED6BFC0047CFB7 /* ListBreedPresenter.swift */,
			);
			path = "List Breed";
			sourceTree = "<group>";
		};
		75C26FB427ED6CA30047CFB7 /* App */ = {
			isa = PBXGroup;
			children = (
				E4F3E151280F2E7700F1223B /* Core */,
				75ABC76A27E961ED00C4F1C8 /* AppDelegate.swift */,
			);
			path = App;
			sourceTree = "<group>";
		};
		75C26FB527EDEF050047CFB7 /* Breed Images */ = {
			isa = PBXGroup;
			children = (
				E4F3E14C280EFF9600F1223B /* DI */,
				E434665A2808D56400FF91F3 /* Data */,
				E434665F2808DA5800FF91F3 /* Domain */,
				7577D60127F0FDBA0016E0C7 /* Cells */,
				75C26FB627EDEFC20047CFB7 /* BreedImageViewController.swift */,
				E43501AE2824299400EC12D6 /* BreedImageDataSource.swift */,
				E43501B028242C5600EC12D6 /* BreedImageDelegate.swift */,
				75C26FBE27EDF0A70047CFB7 /* BreedImagePresenter.swift */,
			);
			path = "Breed Images";
			sourceTree = "<group>";
		};
		75C26FC727EDF37C0047CFB7 /* Resources */ = {
			isa = PBXGroup;
			children = (
				75ABC77827E961F000C4F1C8 /* Info.plist */,
				75ABC77327E961F000C4F1C8 /* Assets.xcassets */,
				75ABC77527E961F000C4F1C8 /* LaunchScreen.storyboard */,
			);
			path = Resources;
			sourceTree = "<group>";
		};
		75C26FD127EE21AD0047CFB7 /* Dog Breeds Tests */ = {
			isa = PBXGroup;
			children = (
				E429BCE42810AC6100F12D5D /* App */,
				75C26FD927EE21FC0047CFB7 /* Features */,
				75C26FE927EE40CA0047CFB7 /* Seeds.swift */,
				E429BCD4281045F400F12D5D /* MockURLProtocol.swift */,
			);
			path = "Dog Breeds Tests";
			sourceTree = "<group>";
		};
		75C26FD927EE21FC0047CFB7 /* Features */ = {
			isa = PBXGroup;
			children = (
				E4F3E157280F4EE800F1223B /* List Breed */,
				E4F3E15F280F685C00F1223B /* Breed Images */,
				E4B5166E282570E800D79696 /* Breed Detail */,
			);
			path = Features;
			sourceTree = "<group>";
		};
		75D4883A27EF612100BF6355 /* Cells */ = {
			isa = PBXGroup;
			children = (
				75D4883B27EF614900BF6355 /* BreedViewCell.swift */,
			);
			path = Cells;
			sourceTree = "<group>";
		};
		E401FB9B2816C70700E0CFAB /* Utils */ = {
			isa = PBXGroup;
			children = (
				7577D60727F149C00016E0C7 /* ImageCache.swift */,
			);
			path = Utils;
			sourceTree = "<group>";
		};
		E429BCE42810AC6100F12D5D /* App */ = {
			isa = PBXGroup;
			children = (
				E429BCE52810AC7900F12D5D /* Core */,
			);
			path = App;
			sourceTree = "<group>";
		};
		E429BCE52810AC7900F12D5D /* Core */ = {
			isa = PBXGroup;
			children = (
				E429BCE62810ACA000F12D5D /* Mapper */,
			);
			path = Core;
			sourceTree = "<group>";
		};
		E429BCE62810ACA000F12D5D /* Mapper */ = {
			isa = PBXGroup;
			children = (
				E429BCE82810ACDD00F12D5D /* ListBreedEntityToListBreedDomainMapperTests.swift */,
				E43501B228255AD700EC12D6 /* ListBreedDomainToListBreedViewModelMapperTests.swift */,
				E429BCF22810B85000F12D5D /* BreedImageEntityToBreedImageModelMapperTests.swift */,
				E43501B428255D5D00EC12D6 /* BreedImageDomainToBreedImageViewModelMapperTests.swift */,
				E4C7A9FE281B0430002D890F /* ImageToBreedDetailViewModelMapperTests.swift */,
				E43501B628255E5300EC12D6 /* StringToBreedViewModelMapperTests.swift */,
			);
			path = Mapper;
			sourceTree = "<group>";
		};
		E42B451A280DAD1D00A2E4CC /* DI */ = {
			isa = PBXGroup;
			children = (
				E42B451B280DAD3B00A2E4CC /* ListBreedServiceLocator.swift */,
			);
			path = DI;
			sourceTree = "<group>";
		};
		E434664E2807588500FF91F3 /* Network */ = {
			isa = PBXGroup;
			children = (
				E434664F28075BB100FF91F3 /* ListBreedRestApi.swift */,
				E434665128075BC100FF91F3 /* ListBreedURLSessionRestApi.swift */,
			);
			path = Network;
			sourceTree = "<group>";
		};
		E434665328077C5F00FF91F3 /* Network */ = {
			isa = PBXGroup;
			children = (
				E434665428077C7E00FF91F3 /* BreedImageRestApi.swift */,
				E434665628077C8900FF91F3 /* BreedImageURLSessionRestApi.swift */,
			);
			path = Network;
			sourceTree = "<group>";
		};
		E43466582808D54400FF91F3 /* Repository */ = {
			isa = PBXGroup;
			children = (
				E43466622808DAA500FF91F3 /* ListBreedRepository.swift */,
				E43466642808DAAE00FF91F3 /* ListBreedApiRepository.swift */,
			);
			path = Repository;
			sourceTree = "<group>";
		};
		E43466592808D55500FF91F3 /* Data */ = {
			isa = PBXGroup;
			children = (
				E43466582808D54400FF91F3 /* Repository */,
				E434664E2807588500FF91F3 /* Network */,
			);
			path = Data;
			sourceTree = "<group>";
		};
		E434665A2808D56400FF91F3 /* Data */ = {
			isa = PBXGroup;
			children = (
				E434665B2808D56900FF91F3 /* Repository */,
				E434665328077C5F00FF91F3 /* Network */,
			);
			path = Data;
			sourceTree = "<group>";
		};
		E434665B2808D56900FF91F3 /* Repository */ = {
			isa = PBXGroup;
			children = (
				E43466712808F0B700FF91F3 /* BreedImageRepository.swift */,
				E43466732808F0C700FF91F3 /* BreedImageApiRepository.swift */,
			);
			path = Repository;
			sourceTree = "<group>";
		};
		E434665C2808DA2400FF91F3 /* Domain */ = {
			isa = PBXGroup;
			children = (
				E434665D2808DA3A00FF91F3 /* Use Case */,
				E434666A2808DBA000FF91F3 /* Model */,
			);
			path = Domain;
			sourceTree = "<group>";
		};
		E434665D2808DA3A00FF91F3 /* Use Case */ = {
			isa = PBXGroup;
			children = (
				E43466662808DAE500FF91F3 /* ListBreedUseCase.swift */,
			);
			path = "Use Case";
			sourceTree = "<group>";
		};
		E434665F2808DA5800FF91F3 /* Domain */ = {
			isa = PBXGroup;
			children = (
				E43466612808DA6900FF91F3 /* Use Case */,
				E43466602808DA6200FF91F3 /* Model */,
			);
			path = Domain;
			sourceTree = "<group>";
		};
		E43466602808DA6200FF91F3 /* Model */ = {
			isa = PBXGroup;
			children = (
				E43501A62824104700EC12D6 /* BreedImageEntity.swift */,
				E434666D2808EFC300FF91F3 /* BreedImageDomain.swift */,
				E43501A82824107A00EC12D6 /* BreedImageViewModel.swift */,
			);
			path = Model;
			sourceTree = "<group>";
		};
		E43466612808DA6900FF91F3 /* Use Case */ = {
			isa = PBXGroup;
			children = (
				E434666F2808F01700FF91F3 /* BreedImageUseCase.swift */,
			);
			path = "Use Case";
			sourceTree = "<group>";
		};
		E434666A2808DBA000FF91F3 /* Model */ = {
			isa = PBXGroup;
			children = (
				E43501A02824068700EC12D6 /* ListBreedEntity.swift */,
				E434666B2808DBAC00FF91F3 /* ListBreedDomain.swift */,
				E43501A2282406CB00EC12D6 /* ListBreedViewModel.swift */,
				E4FBA2CF2822F299005CF228 /* Breed.swift */,
			);
			path = Model;
			sourceTree = "<group>";
		};
		E49639632818198000FDFF4E /* Breed Detail */ = {
			isa = PBXGroup;
			children = (
				E4C7A9F8281A07A6002D890F /* Domain */,
				E4BF0FEA281848CA0034DFF7 /* Cells */,
				E4BF0FE32818456A0034DFF7 /* BreedDetailViewController.swift */,
				E4F195EE28207CE9007701A1 /* BreedDetailCellType.swift */,
				E4BF0FE6281846280034DFF7 /* BreedDetailDataSource.swift */,
				E4C7A9F228197D44002D890F /* BreedDetailDelegate.swift */,
			);
			path = "Breed Detail";
			sourceTree = "<group>";
		};
		E4B5166E282570E800D79696 /* Breed Detail */ = {
			isa = PBXGroup;
			children = (
				E4B51678282572FF00D79696 /* BreedDetailDataSourceTests.swift */,
				E4B5167A2825731800D79696 /* BreedDetailDelegateTests.swift */,
			);
			path = "Breed Detail";
			sourceTree = "<group>";
		};
		E4B516702825714100D79696 /* Data */ = {
			isa = PBXGroup;
			children = (
				E4F3E158280F4F6900F1223B /* ListBreedApiRepositoryTests.swift */,
				E429BCD82810478100F12D5D /* ListBreedURLSessionRestApiTests.swift */,
			);
			path = Data;
			sourceTree = "<group>";
		};
		E4B516712825714F00D79696 /* Domain */ = {
			isa = PBXGroup;
			children = (
				E429BCE228107F3A00F12D5D /* ListBreedUseCaseTests.swift */,
			);
			path = Domain;
			sourceTree = "<group>";
		};
		E4B5167C2825734D00D79696 /* Data */ = {
			isa = PBXGroup;
			children = (
				E4F3E165280F68E400F1223B /* BreedImageApiRepositoryTest.swift */,
				E429BCDA2810533700F12D5D /* BreedImageURLSessionRestApiTests.swift */,
			);
			path = Data;
			sourceTree = "<group>";
		};
		E4B5167D2825735300D79696 /* Domain */ = {
			isa = PBXGroup;
			children = (
				E429BCE028107CAF00F12D5D /* BreedImageUseCaseTests.swift */,
			);
			path = Domain;
			sourceTree = "<group>";
		};
		E4BF0FEA281848CA0034DFF7 /* Cells */ = {
			isa = PBXGroup;
			children = (
				E4BF0FEB281848FB0034DFF7 /* BreedDetailViewCell.swift */,
				E4F195E72820283F007701A1 /* TitleViewCell.swift */,
				E4F195E928202C34007701A1 /* ImageViewCell.swift */,
				E4F195EB28203462007701A1 /* DescriptionViewCell.swift */,
			);
			path = Cells;
			sourceTree = "<group>";
		};
		E4C7A9F8281A07A6002D890F /* Domain */ = {
			isa = PBXGroup;
			children = (
				E4C7A9F9281A07B1002D890F /* Model */,
			);
			path = Domain;
			sourceTree = "<group>";
		};
		E4C7A9F9281A07B1002D890F /* Model */ = {
			isa = PBXGroup;
			children = (
				E4C7A9FA281A07D8002D890F /* BreedDetail.swift */,
			);
			path = Model;
			sourceTree = "<group>";
		};
		E4EEDCBA2821CD3F00D533FA /* Factory */ = {
			isa = PBXGroup;
			children = (
				E4EEDCBB2821CD5600D533FA /* ViewControllerFactory.swift */,
				E4EEDCBF2821D39000D533FA /* ViewFactoryType.swift */,
				E42B451D280E05B400A2E4CC /* ListBreedFactory.swift */,
				E4F3E14F280F160400F1223B /* BreedImageFactory.swift */,
				E4EEDCC12821D5F900D533FA /* BreedDetailFactory.swift */,
			);
			path = Factory;
			sourceTree = "<group>";
		};
		E4F3E14C280EFF9600F1223B /* DI */ = {
			isa = PBXGroup;
			children = (
				E4F3E14D280F041300F1223B /* BreedServiceLocator.swift */,
			);
			path = DI;
			sourceTree = "<group>";
		};
		E4F3E151280F2E7700F1223B /* Core */ = {
			isa = PBXGroup;
			children = (
				E4EEDCBA2821CD3F00D533FA /* Factory */,
				E4F3E152280F2E7D00F1223B /* Mapper */,
			);
			path = Core;
			sourceTree = "<group>";
		};
		E4F3E152280F2E7D00F1223B /* Mapper */ = {
			isa = PBXGroup;
			children = (
				E4F3E153280F2E8C00F1223B /* Mapper.swift */,
				E4F3E155280F31CF00F1223B /* ListBreedEntityToListBreedDomainMapper.swift */,
				E43501A428240AA600EC12D6 /* ListBreedDomainToListBreedViewModelMapper.swift */,
				E4F3E15D280F64B800F1223B /* BreedImageEntityToBreedImageDomainMapper.swift */,
				E43501AA2824120D00EC12D6 /* BreedImageDomainToBreedImageViewModelMapper.swift */,
				E4C7A9FC281AD8A7002D890F /* ImageToBreedDetailViewModelMapper.swift */,
				E4FBA2D12822F776005CF228 /* StringToBreedViewModelMapper.swift */,
			);
			path = Mapper;
			sourceTree = "<group>";
		};
		E4F3E157280F4EE800F1223B /* List Breed */ = {
			isa = PBXGroup;
			children = (
				E4F3E15A280F616F00F1223B /* Mocks */,
				E4B516702825714100D79696 /* Data */,
				E4B516712825714F00D79696 /* Domain */,
				E4B516722825719000D79696 /* ListBreedDataSourceTests.swift */,
				E4B516742825720300D79696 /* ListBreedDelegateTests.swift */,
				E4B516762825727800D79696 /* ListBreedPresenterTests.swift */,
			);
			path = "List Breed";
			sourceTree = "<group>";
		};
		E4F3E15A280F616F00F1223B /* Mocks */ = {
			isa = PBXGroup;
			children = (
				E429BCDC28107A1F00F12D5D /* ListBreedRepositoryMock.swift */,
				E4F3E15B280F627C00F1223B /* ListBreedRestApiMock.swift */,
			);
			path = Mocks;
			sourceTree = "<group>";
		};
		E4F3E15F280F685C00F1223B /* Breed Images */ = {
			isa = PBXGroup;
			children = (
				E4F3E160280F686500F1223B /* Mocks */,
				E4B5167C2825734D00D79696 /* Data */,
				E4B5167D2825735300D79696 /* Domain */,
				E4B5167E2825740F00D79696 /* BreedImageDataSourceTests.swift */,
				E4B51680282574B500D79696 /* BreedImageDelegateTests.swift */,
				E4B516822825752200D79696 /* BreedImagePresenterTests.swift */,
			);
			path = "Breed Images";
			sourceTree = "<group>";
		};
		E4F3E160280F686500F1223B /* Mocks */ = {
			isa = PBXGroup;
			children = (
				E429BCDE28107A3700F12D5D /* BreedImageRepositoryMock.swift */,
				E4F3E163280F689D00F1223B /* BreedImageRestApiMock.swift */,
				E4B516842825CE3A00D79696 /* BreedImageViewControllerMock.swift */,
			);
			path = Mocks;
			sourceTree = "<group>";
		};
/* End PBXGroup section */

/* Begin PBXNativeTarget section */
		75ABC76627E961ED00C4F1C8 /* Dog Breeds */ = {
			isa = PBXNativeTarget;
			buildConfigurationList = 75ABC77B27E961F000C4F1C8 /* Build configuration list for PBXNativeTarget "Dog Breeds" */;
			buildPhases = (
				75ABC76327E961ED00C4F1C8 /* Sources */,
				75ABC76427E961ED00C4F1C8 /* Frameworks */,
				75ABC76527E961ED00C4F1C8 /* Resources */,
			);
			buildRules = (
			);
			dependencies = (
			);
			name = "Dog Breeds";
			productName = "Dog Breeds";
			productReference = 75ABC76727E961ED00C4F1C8 /* Dog Breeds.app */;
			productType = "com.apple.product-type.application";
		};
		75C26FCF27EE21AD0047CFB7 /* Dog Breeds Tests */ = {
			isa = PBXNativeTarget;
			buildConfigurationList = 75C26FD827EE21AD0047CFB7 /* Build configuration list for PBXNativeTarget "Dog Breeds Tests" */;
			buildPhases = (
				75C26FCC27EE21AD0047CFB7 /* Sources */,
				75C26FCD27EE21AD0047CFB7 /* Frameworks */,
				75C26FCE27EE21AD0047CFB7 /* Resources */,
			);
			buildRules = (
			);
			dependencies = (
				75C26FD527EE21AD0047CFB7 /* PBXTargetDependency */,
			);
			name = "Dog Breeds Tests";
			productName = "Dog Breeds Tests";
			productReference = 75C26FD027EE21AD0047CFB7 /* Dog Breeds Tests.xctest */;
			productType = "com.apple.product-type.bundle.unit-test";
		};
/* End PBXNativeTarget section */

/* Begin PBXProject section */
		75ABC75F27E961ED00C4F1C8 /* Project object */ = {
			isa = PBXProject;
			attributes = {
				BuildIndependentTargetsInParallel = 1;
				LastSwiftUpdateCheck = 1330;
				LastUpgradeCheck = 1330;
				TargetAttributes = {
					75ABC76627E961ED00C4F1C8 = {
						CreatedOnToolsVersion = 13.3;
					};
					75C26FCF27EE21AD0047CFB7 = {
						CreatedOnToolsVersion = 13.3;
						TestTargetID = 75ABC76627E961ED00C4F1C8;
					};
				};
			};
			buildConfigurationList = 75ABC76227E961ED00C4F1C8 /* Build configuration list for PBXProject "Dog Breeds" */;
			compatibilityVersion = "Xcode 11.4";
			developmentRegion = en;
			hasScannedForEncodings = 0;
			knownRegions = (
				en,
				Base,
			);
			mainGroup = 75ABC75E27E961ED00C4F1C8;
			productRefGroup = 75ABC76827E961ED00C4F1C8 /* Products */;
			projectDirPath = "";
			projectRoot = "";
			targets = (
				75ABC76627E961ED00C4F1C8 /* Dog Breeds */,
				75C26FCF27EE21AD0047CFB7 /* Dog Breeds Tests */,
			);
		};
/* End PBXProject section */

/* Begin PBXResourcesBuildPhase section */
		75ABC76527E961ED00C4F1C8 /* Resources */ = {
			isa = PBXResourcesBuildPhase;
			buildActionMask = 2147483647;
			files = (
				75ABC77727E961F000C4F1C8 /* LaunchScreen.storyboard in Resources */,
				75ABC77427E961F000C4F1C8 /* Assets.xcassets in Resources */,
			);
			runOnlyForDeploymentPostprocessing = 0;
		};
		75C26FCE27EE21AD0047CFB7 /* Resources */ = {
			isa = PBXResourcesBuildPhase;
			buildActionMask = 2147483647;
			files = (
			);
			runOnlyForDeploymentPostprocessing = 0;
		};
/* End PBXResourcesBuildPhase section */

/* Begin PBXSourcesBuildPhase section */
		75ABC76327E961ED00C4F1C8 /* Sources */ = {
			isa = PBXSourcesBuildPhase;
			buildActionMask = 2147483647;
			files = (
				E43466722808F0B700FF91F3 /* BreedImageRepository.swift in Sources */,
				E43C16FD2811DF9E00207907 /* UIView+DogBreeds.swift in Sources */,
				E43501A12824068700EC12D6 /* ListBreedEntity.swift in Sources */,
				E4F195EC28203462007701A1 /* DescriptionViewCell.swift in Sources */,
				E43466652808DAAE00FF91F3 /* ListBreedApiRepository.swift in Sources */,
				E434666C2808DBAC00FF91F3 /* ListBreedDomain.swift in Sources */,
				E4EEDCC02821D39000D533FA /* ViewFactoryType.swift in Sources */,
				75C26FBF27EDF0A70047CFB7 /* BreedImagePresenter.swift in Sources */,
				7577D60427F0FDE00016E0C7 /* BreedImageViewCell.swift in Sources */,
				E4BF0FEE28187A4E0034DFF7 /* UIImageView+DogBreeds.swift in Sources */,
				75C26FB827EDEFC20047CFB7 /* BreedImageViewController.swift in Sources */,
				E43501AB2824120D00EC12D6 /* BreedImageDomainToBreedImageViewModelMapper.swift in Sources */,
				E4F3E150280F160400F1223B /* BreedImageFactory.swift in Sources */,
				E4EEDCC22821D5F900D533FA /* BreedDetailFactory.swift in Sources */,
				E43501A3282406CB00EC12D6 /* ListBreedViewModel.swift in Sources */,
				E4F3E154280F2E8C00F1223B /* Mapper.swift in Sources */,
				E4BF0FE42818456A0034DFF7 /* BreedDetailViewController.swift in Sources */,
				7577D60827F149C00016E0C7 /* ImageCache.swift in Sources */,
				E4C7A9F72819C591002D890F /* UIViewController+DogBreeds.swift in Sources */,
				E43501A72824104700EC12D6 /* BreedImageEntity.swift in Sources */,
				75C26FB127ED6BFC0047CFB7 /* ListBreedPresenter.swift in Sources */,
				E434665728077C8900FF91F3 /* BreedImageURLSessionRestApi.swift in Sources */,
				E434665228075BC100FF91F3 /* ListBreedURLSessionRestApi.swift in Sources */,
				E401FBA028174A5F00E0CFAB /* ListBreedDataSource.swift in Sources */,
				E4F195EA28202C34007701A1 /* ImageViewCell.swift in Sources */,
				E42B451E280E05B400A2E4CC /* ListBreedFactory.swift in Sources */,
				E4F195EF28207CE9007701A1 /* BreedDetailCellType.swift in Sources */,
				E43501AF2824299400EC12D6 /* BreedImageDataSource.swift in Sources */,
				E43501A92824107A00EC12D6 /* BreedImageViewModel.swift in Sources */,
				E43466742808F0C700FF91F3 /* BreedImageApiRepository.swift in Sources */,
				E4FBA2D428230365005CF228 /* ListBreedDelegate.swift in Sources */,
				E4C7A9FB281A07D8002D890F /* BreedDetail.swift in Sources */,
				E4F3E15E280F64B800F1223B /* BreedImageEntityToBreedImageDomainMapper.swift in Sources */,
				E4F3E14E280F041300F1223B /* BreedServiceLocator.swift in Sources */,
				E43501A528240AA600EC12D6 /* ListBreedDomainToListBreedViewModelMapper.swift in Sources */,
				E4BF0FEC281848FB0034DFF7 /* BreedDetailViewCell.swift in Sources */,
				75C26FA827ED63D00047CFB7 /* ListBreedViewController.swift in Sources */,
				E43466672808DAE500FF91F3 /* ListBreedUseCase.swift in Sources */,
				E4C7A9FD281AD8A7002D890F /* ImageToBreedDetailViewModelMapper.swift in Sources */,
				E434666E2808EFC300FF91F3 /* BreedImageDomain.swift in Sources */,
				75ABC76B27E961ED00C4F1C8 /* AppDelegate.swift in Sources */,
				E4F3E156280F31CF00F1223B /* ListBreedEntityToListBreedDomainMapper.swift in Sources */,
				E43501B128242C5600EC12D6 /* BreedImageDelegate.swift in Sources */,
				E43466702808F01700FF91F3 /* BreedImageUseCase.swift in Sources */,
				75D4883D27EF614900BF6355 /* BreedViewCell.swift in Sources */,
				E434665528077C7E00FF91F3 /* BreedImageRestApi.swift in Sources */,
				E4FBA2D22822F776005CF228 /* StringToBreedViewModelMapper.swift in Sources */,
				E4BF0FE7281846280034DFF7 /* BreedDetailDataSource.swift in Sources */,
				E4C7A9F328197D44002D890F /* BreedDetailDelegate.swift in Sources */,
				E4F195E82820283F007701A1 /* TitleViewCell.swift in Sources */,
				E434665028075BB100FF91F3 /* ListBreedRestApi.swift in Sources */,
				E4EEDCBC2821CD5600D533FA /* ViewControllerFactory.swift in Sources */,
				E4FBA2D02822F299005CF228 /* Breed.swift in Sources */,
				E43466632808DAA500FF91F3 /* ListBreedRepository.swift in Sources */,
				E42B451C280DAD3B00A2E4CC /* ListBreedServiceLocator.swift in Sources */,
			);
			runOnlyForDeploymentPostprocessing = 0;
		};
		75C26FCC27EE21AD0047CFB7 /* Sources */ = {
			isa = PBXSourcesBuildPhase;
			buildActionMask = 2147483647;
			files = (
				E43501B528255D5D00EC12D6 /* BreedImageDomainToBreedImageViewModelMapperTests.swift in Sources */,
				E4C7A9FF281B0430002D890F /* ImageToBreedDetailViewModelMapperTests.swift in Sources */,
				E429BCDB2810533700F12D5D /* BreedImageURLSessionRestApiTests.swift in Sources */,
				75C26FEA27EE40CA0047CFB7 /* Seeds.swift in Sources */,
				E4B51679282572FF00D79696 /* BreedDetailDataSourceTests.swift in Sources */,
				E4B5167F2825740F00D79696 /* BreedImageDataSourceTests.swift in Sources */,
				E4B516772825727800D79696 /* ListBreedPresenterTests.swift in Sources */,
				E43501B728255E5300EC12D6 /* StringToBreedViewModelMapperTests.swift in Sources */,
				E429BCDF28107A3700F12D5D /* BreedImageRepositoryMock.swift in Sources */,
				E429BCD5281045F400F12D5D /* MockURLProtocol.swift in Sources */,
				E429BCE328107F3A00F12D5D /* ListBreedUseCaseTests.swift in Sources */,
				E4B516832825752200D79696 /* BreedImagePresenterTests.swift in Sources */,
				E4F3E166280F68E400F1223B /* BreedImageApiRepositoryTest.swift in Sources */,
				E429BCD92810478100F12D5D /* ListBreedURLSessionRestApiTests.swift in Sources */,
				E4F3E164280F689D00F1223B /* BreedImageRestApiMock.swift in Sources */,
				E429BCE128107CAF00F12D5D /* BreedImageUseCaseTests.swift in Sources */,
				E4B5167B2825731800D79696 /* BreedDetailDelegateTests.swift in Sources */,
				E43501B328255AD700EC12D6 /* ListBreedDomainToListBreedViewModelMapperTests.swift in Sources */,
				E4F3E15C280F627C00F1223B /* ListBreedRestApiMock.swift in Sources */,
				E4B516732825719000D79696 /* ListBreedDataSourceTests.swift in Sources */,
				E4B51681282574B500D79696 /* BreedImageDelegateTests.swift in Sources */,
				E4B516752825720300D79696 /* ListBreedDelegateTests.swift in Sources */,
				E429BCDD28107A1F00F12D5D /* ListBreedRepositoryMock.swift in Sources */,
				E429BCE92810ACDD00F12D5D /* ListBreedEntityToListBreedDomainMapperTests.swift in Sources */,
				E4B516852825CE3A00D79696 /* BreedImageViewControllerMock.swift in Sources */,
				E4F3E159280F4F6900F1223B /* ListBreedApiRepositoryTests.swift in Sources */,
				E429BCF32810B85000F12D5D /* BreedImageEntityToBreedImageModelMapperTests.swift in Sources */,
			);
			runOnlyForDeploymentPostprocessing = 0;
		};
/* End PBXSourcesBuildPhase section */

/* Begin PBXTargetDependency section */
		75C26FD527EE21AD0047CFB7 /* PBXTargetDependency */ = {
			isa = PBXTargetDependency;
			target = 75ABC76627E961ED00C4F1C8 /* Dog Breeds */;
			targetProxy = 75C26FD427EE21AD0047CFB7 /* PBXContainerItemProxy */;
		};
/* End PBXTargetDependency section */

/* Begin PBXVariantGroup section */
		75ABC77527E961F000C4F1C8 /* LaunchScreen.storyboard */ = {
			isa = PBXVariantGroup;
			children = (
				75ABC77627E961F000C4F1C8 /* Base */,
			);
			name = LaunchScreen.storyboard;
			sourceTree = "<group>";
		};
/* End PBXVariantGroup section */

/* Begin XCBuildConfiguration section */
		75ABC77927E961F000C4F1C8 /* Debug */ = {
			isa = XCBuildConfiguration;
			buildSettings = {
				ALWAYS_SEARCH_USER_PATHS = NO;
				CLANG_ANALYZER_NONNULL = YES;
				CLANG_ANALYZER_NUMBER_OBJECT_CONVERSION = YES_AGGRESSIVE;
				CLANG_CXX_LANGUAGE_STANDARD = "gnu++17";
				CLANG_ENABLE_MODULES = YES;
				CLANG_ENABLE_OBJC_ARC = YES;
				CLANG_ENABLE_OBJC_WEAK = YES;
				CLANG_WARN_BLOCK_CAPTURE_AUTORELEASING = YES;
				CLANG_WARN_BOOL_CONVERSION = YES;
				CLANG_WARN_COMMA = YES;
				CLANG_WARN_CONSTANT_CONVERSION = YES;
				CLANG_WARN_DEPRECATED_OBJC_IMPLEMENTATIONS = YES;
				CLANG_WARN_DIRECT_OBJC_ISA_USAGE = YES_ERROR;
				CLANG_WARN_DOCUMENTATION_COMMENTS = YES;
				CLANG_WARN_EMPTY_BODY = YES;
				CLANG_WARN_ENUM_CONVERSION = YES;
				CLANG_WARN_INFINITE_RECURSION = YES;
				CLANG_WARN_INT_CONVERSION = YES;
				CLANG_WARN_NON_LITERAL_NULL_CONVERSION = YES;
				CLANG_WARN_OBJC_IMPLICIT_RETAIN_SELF = YES;
				CLANG_WARN_OBJC_LITERAL_CONVERSION = YES;
				CLANG_WARN_OBJC_ROOT_CLASS = YES_ERROR;
				CLANG_WARN_QUOTED_INCLUDE_IN_FRAMEWORK_HEADER = YES;
				CLANG_WARN_RANGE_LOOP_ANALYSIS = YES;
				CLANG_WARN_STRICT_PROTOTYPES = YES;
				CLANG_WARN_SUSPICIOUS_MOVE = YES;
				CLANG_WARN_UNGUARDED_AVAILABILITY = YES_AGGRESSIVE;
				CLANG_WARN_UNREACHABLE_CODE = YES;
				CLANG_WARN__DUPLICATE_METHOD_MATCH = YES;
				COPY_PHASE_STRIP = NO;
				DEBUG_INFORMATION_FORMAT = dwarf;
				ENABLE_STRICT_OBJC_MSGSEND = YES;
				ENABLE_TESTABILITY = YES;
				GCC_C_LANGUAGE_STANDARD = gnu11;
				GCC_DYNAMIC_NO_PIC = NO;
				GCC_NO_COMMON_BLOCKS = YES;
				GCC_OPTIMIZATION_LEVEL = 0;
				GCC_PREPROCESSOR_DEFINITIONS = (
					"DEBUG=1",
					"$(inherited)",
				);
				GCC_WARN_64_TO_32_BIT_CONVERSION = YES;
				GCC_WARN_ABOUT_RETURN_TYPE = YES_ERROR;
				GCC_WARN_UNDECLARED_SELECTOR = YES;
				GCC_WARN_UNINITIALIZED_AUTOS = YES_AGGRESSIVE;
				GCC_WARN_UNUSED_FUNCTION = YES;
				GCC_WARN_UNUSED_VARIABLE = YES;
				IPHONEOS_DEPLOYMENT_TARGET = 10.0;
				MTL_ENABLE_DEBUG_INFO = INCLUDE_SOURCE;
				MTL_FAST_MATH = YES;
				ONLY_ACTIVE_ARCH = YES;
				SDKROOT = iphoneos;
				SWIFT_ACTIVE_COMPILATION_CONDITIONS = DEBUG;
				SWIFT_OPTIMIZATION_LEVEL = "-Onone";
			};
			name = Debug;
		};
		75ABC77A27E961F000C4F1C8 /* Release */ = {
			isa = XCBuildConfiguration;
			buildSettings = {
				ALWAYS_SEARCH_USER_PATHS = NO;
				CLANG_ANALYZER_NONNULL = YES;
				CLANG_ANALYZER_NUMBER_OBJECT_CONVERSION = YES_AGGRESSIVE;
				CLANG_CXX_LANGUAGE_STANDARD = "gnu++17";
				CLANG_ENABLE_MODULES = YES;
				CLANG_ENABLE_OBJC_ARC = YES;
				CLANG_ENABLE_OBJC_WEAK = YES;
				CLANG_WARN_BLOCK_CAPTURE_AUTORELEASING = YES;
				CLANG_WARN_BOOL_CONVERSION = YES;
				CLANG_WARN_COMMA = YES;
				CLANG_WARN_CONSTANT_CONVERSION = YES;
				CLANG_WARN_DEPRECATED_OBJC_IMPLEMENTATIONS = YES;
				CLANG_WARN_DIRECT_OBJC_ISA_USAGE = YES_ERROR;
				CLANG_WARN_DOCUMENTATION_COMMENTS = YES;
				CLANG_WARN_EMPTY_BODY = YES;
				CLANG_WARN_ENUM_CONVERSION = YES;
				CLANG_WARN_INFINITE_RECURSION = YES;
				CLANG_WARN_INT_CONVERSION = YES;
				CLANG_WARN_NON_LITERAL_NULL_CONVERSION = YES;
				CLANG_WARN_OBJC_IMPLICIT_RETAIN_SELF = YES;
				CLANG_WARN_OBJC_LITERAL_CONVERSION = YES;
				CLANG_WARN_OBJC_ROOT_CLASS = YES_ERROR;
				CLANG_WARN_QUOTED_INCLUDE_IN_FRAMEWORK_HEADER = YES;
				CLANG_WARN_RANGE_LOOP_ANALYSIS = YES;
				CLANG_WARN_STRICT_PROTOTYPES = YES;
				CLANG_WARN_SUSPICIOUS_MOVE = YES;
				CLANG_WARN_UNGUARDED_AVAILABILITY = YES_AGGRESSIVE;
				CLANG_WARN_UNREACHABLE_CODE = YES;
				CLANG_WARN__DUPLICATE_METHOD_MATCH = YES;
				COPY_PHASE_STRIP = NO;
				DEBUG_INFORMATION_FORMAT = "dwarf-with-dsym";
				ENABLE_NS_ASSERTIONS = NO;
				ENABLE_STRICT_OBJC_MSGSEND = YES;
				GCC_C_LANGUAGE_STANDARD = gnu11;
				GCC_NO_COMMON_BLOCKS = YES;
				GCC_WARN_64_TO_32_BIT_CONVERSION = YES;
				GCC_WARN_ABOUT_RETURN_TYPE = YES_ERROR;
				GCC_WARN_UNDECLARED_SELECTOR = YES;
				GCC_WARN_UNINITIALIZED_AUTOS = YES_AGGRESSIVE;
				GCC_WARN_UNUSED_FUNCTION = YES;
				GCC_WARN_UNUSED_VARIABLE = YES;
				IPHONEOS_DEPLOYMENT_TARGET = 10.0;
				MTL_ENABLE_DEBUG_INFO = NO;
				MTL_FAST_MATH = YES;
				SDKROOT = iphoneos;
				SWIFT_COMPILATION_MODE = wholemodule;
				SWIFT_OPTIMIZATION_LEVEL = "-O";
				VALIDATE_PRODUCT = YES;
			};
			name = Release;
		};
		75ABC77C27E961F000C4F1C8 /* Debug */ = {
			isa = XCBuildConfiguration;
			buildSettings = {
				ASSETCATALOG_COMPILER_APPICON_NAME = AppIcon;
				ASSETCATALOG_COMPILER_GLOBAL_ACCENT_COLOR_NAME = AccentColor;
				CODE_SIGN_STYLE = Automatic;
				CURRENT_PROJECT_VERSION = 1;
				DEVELOPMENT_TEAM = S9A2MK88Z3;
				GENERATE_INFOPLIST_FILE = YES;
				INFOPLIST_FILE = "Dog Breeds/Resources/Info.plist";
				INFOPLIST_KEY_UIApplicationSupportsIndirectInputEvents = YES;
				INFOPLIST_KEY_UILaunchStoryboardName = LaunchScreen;
				INFOPLIST_KEY_UISupportedInterfaceOrientations = UIInterfaceOrientationPortrait;
				INFOPLIST_KEY_UISupportedInterfaceOrientations_iPad = "UIInterfaceOrientationPortrait UIInterfaceOrientationPortraitUpsideDown UIInterfaceOrientationLandscapeLeft UIInterfaceOrientationLandscapeRight";
				INFOPLIST_KEY_UISupportedInterfaceOrientations_iPhone = "UIInterfaceOrientationPortrait UIInterfaceOrientationLandscapeLeft UIInterfaceOrientationLandscapeRight";
				IPHONEOS_DEPLOYMENT_TARGET = 10.0;
				LD_RUNPATH_SEARCH_PATHS = (
					"$(inherited)",
					"@executable_path/Frameworks",
				);
				MARKETING_VERSION = 1.0;
				PRODUCT_BUNDLE_IDENTIFIER = "cl.juanvegu.Dog-Breeds";
				PRODUCT_NAME = "$(TARGET_NAME)";
				SWIFT_EMIT_LOC_STRINGS = YES;
				SWIFT_VERSION = 5.0;
				TARGETED_DEVICE_FAMILY = 1;
			};
			name = Debug;
		};
		75ABC77D27E961F000C4F1C8 /* Release */ = {
			isa = XCBuildConfiguration;
			buildSettings = {
				ASSETCATALOG_COMPILER_APPICON_NAME = AppIcon;
				ASSETCATALOG_COMPILER_GLOBAL_ACCENT_COLOR_NAME = AccentColor;
				CODE_SIGN_STYLE = Automatic;
				CURRENT_PROJECT_VERSION = 1;
				DEVELOPMENT_TEAM = S9A2MK88Z3;
				GENERATE_INFOPLIST_FILE = YES;
				INFOPLIST_FILE = "Dog Breeds/Resources/Info.plist";
				INFOPLIST_KEY_UIApplicationSupportsIndirectInputEvents = YES;
				INFOPLIST_KEY_UILaunchStoryboardName = LaunchScreen;
				INFOPLIST_KEY_UISupportedInterfaceOrientations = UIInterfaceOrientationPortrait;
				INFOPLIST_KEY_UISupportedInterfaceOrientations_iPad = "UIInterfaceOrientationPortrait UIInterfaceOrientationPortraitUpsideDown UIInterfaceOrientationLandscapeLeft UIInterfaceOrientationLandscapeRight";
				INFOPLIST_KEY_UISupportedInterfaceOrientations_iPhone = "UIInterfaceOrientationPortrait UIInterfaceOrientationLandscapeLeft UIInterfaceOrientationLandscapeRight";
				IPHONEOS_DEPLOYMENT_TARGET = 10.0;
				LD_RUNPATH_SEARCH_PATHS = (
					"$(inherited)",
					"@executable_path/Frameworks",
				);
				MARKETING_VERSION = 1.0;
				PRODUCT_BUNDLE_IDENTIFIER = "cl.juanvegu.Dog-Breeds";
				PRODUCT_NAME = "$(TARGET_NAME)";
				SWIFT_EMIT_LOC_STRINGS = YES;
				SWIFT_VERSION = 5.0;
				TARGETED_DEVICE_FAMILY = 1;
			};
			name = Release;
		};
		75C26FD627EE21AD0047CFB7 /* Debug */ = {
			isa = XCBuildConfiguration;
			buildSettings = {
				BUNDLE_LOADER = "$(TEST_HOST)";
				CODE_SIGN_STYLE = Automatic;
				CURRENT_PROJECT_VERSION = 1;
				DEVELOPMENT_TEAM = S9A2MK88Z3;
				GENERATE_INFOPLIST_FILE = YES;
				IPHONEOS_DEPLOYMENT_TARGET = 14.5;
				MARKETING_VERSION = 1.0;
				PRODUCT_BUNDLE_IDENTIFIER = "cl.juanvegu.Dog-Breeds-Tests";
				PRODUCT_NAME = "$(TARGET_NAME)";
				SWIFT_EMIT_LOC_STRINGS = NO;
				SWIFT_VERSION = 5.0;
				TARGETED_DEVICE_FAMILY = "1,2";
				TEST_HOST = "$(BUILT_PRODUCTS_DIR)/Dog Breeds.app/Dog Breeds";
			};
			name = Debug;
		};
		75C26FD727EE21AD0047CFB7 /* Release */ = {
			isa = XCBuildConfiguration;
			buildSettings = {
				BUNDLE_LOADER = "$(TEST_HOST)";
				CODE_SIGN_STYLE = Automatic;
				CURRENT_PROJECT_VERSION = 1;
				DEVELOPMENT_TEAM = S9A2MK88Z3;
				GENERATE_INFOPLIST_FILE = YES;
				IPHONEOS_DEPLOYMENT_TARGET = 14.5;
				MARKETING_VERSION = 1.0;
				PRODUCT_BUNDLE_IDENTIFIER = "cl.juanvegu.Dog-Breeds-Tests";
				PRODUCT_NAME = "$(TARGET_NAME)";
				SWIFT_EMIT_LOC_STRINGS = NO;
				SWIFT_VERSION = 5.0;
				TARGETED_DEVICE_FAMILY = "1,2";
				TEST_HOST = "$(BUILT_PRODUCTS_DIR)/Dog Breeds.app/Dog Breeds";
			};
			name = Release;
		};
/* End XCBuildConfiguration section */

/* Begin XCConfigurationList section */
		75ABC76227E961ED00C4F1C8 /* Build configuration list for PBXProject "Dog Breeds" */ = {
			isa = XCConfigurationList;
			buildConfigurations = (
				75ABC77927E961F000C4F1C8 /* Debug */,
				75ABC77A27E961F000C4F1C8 /* Release */,
			);
			defaultConfigurationIsVisible = 0;
			defaultConfigurationName = Release;
		};
		75ABC77B27E961F000C4F1C8 /* Build configuration list for PBXNativeTarget "Dog Breeds" */ = {
			isa = XCConfigurationList;
			buildConfigurations = (
				75ABC77C27E961F000C4F1C8 /* Debug */,
				75ABC77D27E961F000C4F1C8 /* Release */,
			);
			defaultConfigurationIsVisible = 0;
			defaultConfigurationName = Release;
		};
		75C26FD827EE21AD0047CFB7 /* Build configuration list for PBXNativeTarget "Dog Breeds Tests" */ = {
			isa = XCConfigurationList;
			buildConfigurations = (
				75C26FD627EE21AD0047CFB7 /* Debug */,
				75C26FD727EE21AD0047CFB7 /* Release */,
			);
			defaultConfigurationIsVisible = 0;
			defaultConfigurationName = Release;
		};
/* End XCConfigurationList section */
	};
	rootObject = 75ABC75F27E961ED00C4F1C8 /* Project object */;
}
