// !$*UTF8*$!
{
	archiveVersion = 1;
	classes = {
	};
	objectVersion = 53;
	objects = {

/* Begin PBXBuildFile section */
		757081F127F0D269007CDD3A /* BreedViewTests.swift in Sources */ = {isa = PBXBuildFile; fileRef = 757081F027F0D269007CDD3A /* BreedViewTests.swift */; };
		757081F327F0D345007CDD3A /* BreedInteractorSpy.swift in Sources */ = {isa = PBXBuildFile; fileRef = 757081F227F0D345007CDD3A /* BreedInteractorSpy.swift */; };
		757081F527F0D5FB007CDD3A /* BreedInteractorTests.swift in Sources */ = {isa = PBXBuildFile; fileRef = 757081F427F0D5FB007CDD3A /* BreedInteractorTests.swift */; };
		757081F727F0D60B007CDD3A /* BreedPresenterSpy.swift in Sources */ = {isa = PBXBuildFile; fileRef = 757081F627F0D60B007CDD3A /* BreedPresenterSpy.swift */; };
		757081FB27F0E0C0007CDD3A /* BreedViewSpy.swift in Sources */ = {isa = PBXBuildFile; fileRef = 757081FA27F0E0BF007CDD3A /* BreedViewSpy.swift */; };
		757081FD27F0E0D9007CDD3A /* BreedPresenterTests.swift in Sources */ = {isa = PBXBuildFile; fileRef = 757081FC27F0E0D9007CDD3A /* BreedPresenterTests.swift */; };
		7577D60427F0FDE00016E0C7 /* BreedImageViewCell.swift in Sources */ = {isa = PBXBuildFile; fileRef = 7577D60227F0FDE00016E0C7 /* BreedImageViewCell.swift */; };
		7577D60527F0FDE00016E0C7 /* BreedImageViewCell.xib in Resources */ = {isa = PBXBuildFile; fileRef = 7577D60327F0FDE00016E0C7 /* BreedImageViewCell.xib */; };
		7577D60827F149C00016E0C7 /* UIImageView+DogBreeds.swift in Sources */ = {isa = PBXBuildFile; fileRef = 7577D60727F149C00016E0C7 /* UIImageView+DogBreeds.swift */; };
		75ABC76B27E961ED00C4F1C8 /* AppDelegate.swift in Sources */ = {isa = PBXBuildFile; fileRef = 75ABC76A27E961ED00C4F1C8 /* AppDelegate.swift */; };
		75ABC77427E961F000C4F1C8 /* Assets.xcassets in Resources */ = {isa = PBXBuildFile; fileRef = 75ABC77327E961F000C4F1C8 /* Assets.xcassets */; };
		75ABC77727E961F000C4F1C8 /* LaunchScreen.storyboard in Resources */ = {isa = PBXBuildFile; fileRef = 75ABC77527E961F000C4F1C8 /* LaunchScreen.storyboard */; };
		75C26FA827ED63D00047CFB7 /* DogBreedsViewController.swift in Sources */ = {isa = PBXBuildFile; fileRef = 75C26FA627ED63D00047CFB7 /* DogBreedsViewController.swift */; };
		75C26FA927ED63D00047CFB7 /* DogBreedsViewController.xib in Resources */ = {isa = PBXBuildFile; fileRef = 75C26FA727ED63D00047CFB7 /* DogBreedsViewController.xib */; };
		75C26FAB27ED640F0047CFB7 /* DogBreedsConfigurator.swift in Sources */ = {isa = PBXBuildFile; fileRef = 75C26FAA27ED640F0047CFB7 /* DogBreedsConfigurator.swift */; };
		75C26FAF27ED6BF10047CFB7 /* DogBreedsInteractor.swift in Sources */ = {isa = PBXBuildFile; fileRef = 75C26FAE27ED6BF10047CFB7 /* DogBreedsInteractor.swift */; };
		75C26FB127ED6BFC0047CFB7 /* DogBreedsPresenter.swift in Sources */ = {isa = PBXBuildFile; fileRef = 75C26FB027ED6BFC0047CFB7 /* DogBreedsPresenter.swift */; };
		75C26FB327ED6C080047CFB7 /* DogBreedsRouter.swift in Sources */ = {isa = PBXBuildFile; fileRef = 75C26FB227ED6C080047CFB7 /* DogBreedsRouter.swift */; };
		75C26FB827EDEFC20047CFB7 /* BreedViewController.swift in Sources */ = {isa = PBXBuildFile; fileRef = 75C26FB627EDEFC20047CFB7 /* BreedViewController.swift */; };
		75C26FB927EDEFC20047CFB7 /* BreedViewController.xib in Resources */ = {isa = PBXBuildFile; fileRef = 75C26FB727EDEFC20047CFB7 /* BreedViewController.xib */; };
		75C26FBB27EDF0010047CFB7 /* BreedConfigurator.swift in Sources */ = {isa = PBXBuildFile; fileRef = 75C26FBA27EDF0010047CFB7 /* BreedConfigurator.swift */; };
		75C26FBD27EDF0860047CFB7 /* BreedInteractor.swift in Sources */ = {isa = PBXBuildFile; fileRef = 75C26FBC27EDF0860047CFB7 /* BreedInteractor.swift */; };
		75C26FBF27EDF0A70047CFB7 /* BreedPresenter.swift in Sources */ = {isa = PBXBuildFile; fileRef = 75C26FBE27EDF0A70047CFB7 /* BreedPresenter.swift */; };
		75C26FC127EDF0B60047CFB7 /* BreedRouter.swift in Sources */ = {isa = PBXBuildFile; fileRef = 75C26FC027EDF0B60047CFB7 /* BreedRouter.swift */; };
		75C26FC927EE17AA0047CFB7 /* DogBreedsModel.swift in Sources */ = {isa = PBXBuildFile; fileRef = 75C26FC827EE17AA0047CFB7 /* DogBreedsModel.swift */; };
		75C26FCB27EE17C10047CFB7 /* BreedModel.swift in Sources */ = {isa = PBXBuildFile; fileRef = 75C26FCA27EE17C10047CFB7 /* BreedModel.swift */; };
		75C26FDC27EE225B0047CFB7 /* DogBreedsViewTests.swift in Sources */ = {isa = PBXBuildFile; fileRef = 75C26FDB27EE225B0047CFB7 /* DogBreedsViewTests.swift */; };
		75C26FDF27EE26C10047CFB7 /* DogBreedsInteractorSpy.swift in Sources */ = {isa = PBXBuildFile; fileRef = 75C26FDE27EE26C10047CFB7 /* DogBreedsInteractorSpy.swift */; };
		75C26FE527EE2A720047CFB7 /* DogBreedsInteractorTests.swift in Sources */ = {isa = PBXBuildFile; fileRef = 75C26FE427EE2A720047CFB7 /* DogBreedsInteractorTests.swift */; };
		75C26FE727EE2AF30047CFB7 /* DogBreedsPresenterSpy.swift in Sources */ = {isa = PBXBuildFile; fileRef = 75C26FE627EE2AF30047CFB7 /* DogBreedsPresenterSpy.swift */; };
		75C26FEA27EE40CA0047CFB7 /* Seeds.swift in Sources */ = {isa = PBXBuildFile; fileRef = 75C26FE927EE40CA0047CFB7 /* Seeds.swift */; };
		75C26FEC27EE42F10047CFB7 /* DogBreedsWorkerSpy.swift in Sources */ = {isa = PBXBuildFile; fileRef = 75C26FEB27EE42F10047CFB7 /* DogBreedsWorkerSpy.swift */; };
		75C26FEE27EE47990047CFB7 /* DogBreedsPresenterTests.swift in Sources */ = {isa = PBXBuildFile; fileRef = 75C26FED27EE47990047CFB7 /* DogBreedsPresenterTests.swift */; };
		75C26FF027EE484D0047CFB7 /* DogBreedsViewSpy.swift in Sources */ = {isa = PBXBuildFile; fileRef = 75C26FEF27EE484D0047CFB7 /* DogBreedsViewSpy.swift */; };
		75D4883D27EF614900BF6355 /* BreedViewCell.swift in Sources */ = {isa = PBXBuildFile; fileRef = 75D4883B27EF614900BF6355 /* BreedViewCell.swift */; };
		75D4883E27EF614900BF6355 /* BreedViewCell.xib in Resources */ = {isa = PBXBuildFile; fileRef = 75D4883C27EF614900BF6355 /* BreedViewCell.xib */; };
		E42B451C280DAD3B00A2E4CC /* ListBreedServiceLocator.swift in Sources */ = {isa = PBXBuildFile; fileRef = E42B451B280DAD3B00A2E4CC /* ListBreedServiceLocator.swift */; };
		E434665028075BB100FF91F3 /* ListBreedRestApi.swift in Sources */ = {isa = PBXBuildFile; fileRef = E434664F28075BB100FF91F3 /* ListBreedRestApi.swift */; };
		E434665228075BC100FF91F3 /* ListBreedURLSessionRestApi.swift in Sources */ = {isa = PBXBuildFile; fileRef = E434665128075BC100FF91F3 /* ListBreedURLSessionRestApi.swift */; };
		E434665528077C7E00FF91F3 /* BreedRestApiProtocol.swift in Sources */ = {isa = PBXBuildFile; fileRef = E434665428077C7E00FF91F3 /* BreedRestApiProtocol.swift */; };
		E434665728077C8900FF91F3 /* BreedRestApi.swift in Sources */ = {isa = PBXBuildFile; fileRef = E434665628077C8900FF91F3 /* BreedRestApi.swift */; };
		E43466632808DAA500FF91F3 /* ListBreedRepository.swift in Sources */ = {isa = PBXBuildFile; fileRef = E43466622808DAA500FF91F3 /* ListBreedRepository.swift */; };
		E43466652808DAAE00FF91F3 /* ListBreedApiRepository.swift in Sources */ = {isa = PBXBuildFile; fileRef = E43466642808DAAE00FF91F3 /* ListBreedApiRepository.swift */; };
		E43466672808DAE500FF91F3 /* ListBreedUseCase.swift in Sources */ = {isa = PBXBuildFile; fileRef = E43466662808DAE500FF91F3 /* ListBreedUseCase.swift */; };
		E434666C2808DBAC00FF91F3 /* ListBreed.swift in Sources */ = {isa = PBXBuildFile; fileRef = E434666B2808DBAC00FF91F3 /* ListBreed.swift */; };
		E434666E2808EFC300FF91F3 /* BreedImage.swift in Sources */ = {isa = PBXBuildFile; fileRef = E434666D2808EFC300FF91F3 /* BreedImage.swift */; };
		E43466702808F01700FF91F3 /* BreedImageUseCase.swift in Sources */ = {isa = PBXBuildFile; fileRef = E434666F2808F01700FF91F3 /* BreedImageUseCase.swift */; };
		E43466722808F0B700FF91F3 /* BreedImageApiRepositoryProtocol.swift in Sources */ = {isa = PBXBuildFile; fileRef = E43466712808F0B700FF91F3 /* BreedImageApiRepositoryProtocol.swift */; };
		E43466742808F0C700FF91F3 /* BreedImageApiRepository.swift in Sources */ = {isa = PBXBuildFile; fileRef = E43466732808F0C700FF91F3 /* BreedImageApiRepository.swift */; };
/* End PBXBuildFile section */

/* Begin PBXContainerItemProxy section */
		75C26FD427EE21AD0047CFB7 /* PBXContainerItemProxy */ = {
			isa = PBXContainerItemProxy;
			containerPortal = 75ABC75F27E961ED00C4F1C8 /* Project object */;
			proxyType = 1;
			remoteGlobalIDString = 75ABC76627E961ED00C4F1C8;
			remoteInfo = "Dog Breeds";
		};
/* End PBXContainerItemProxy section */

/* Begin PBXFileReference section */
		757081F027F0D269007CDD3A /* BreedViewTests.swift */ = {isa = PBXFileReference; lastKnownFileType = sourcecode.swift; path = BreedViewTests.swift; sourceTree = "<group>"; };
		757081F227F0D345007CDD3A /* BreedInteractorSpy.swift */ = {isa = PBXFileReference; lastKnownFileType = sourcecode.swift; path = BreedInteractorSpy.swift; sourceTree = "<group>"; };
		757081F427F0D5FB007CDD3A /* BreedInteractorTests.swift */ = {isa = PBXFileReference; lastKnownFileType = sourcecode.swift; path = BreedInteractorTests.swift; sourceTree = "<group>"; };
		757081F627F0D60B007CDD3A /* BreedPresenterSpy.swift */ = {isa = PBXFileReference; lastKnownFileType = sourcecode.swift; path = BreedPresenterSpy.swift; sourceTree = "<group>"; };
		757081FA27F0E0BF007CDD3A /* BreedViewSpy.swift */ = {isa = PBXFileReference; lastKnownFileType = sourcecode.swift; path = BreedViewSpy.swift; sourceTree = "<group>"; };
		757081FC27F0E0D9007CDD3A /* BreedPresenterTests.swift */ = {isa = PBXFileReference; lastKnownFileType = sourcecode.swift; path = BreedPresenterTests.swift; sourceTree = "<group>"; };
		7577D60227F0FDE00016E0C7 /* BreedImageViewCell.swift */ = {isa = PBXFileReference; lastKnownFileType = sourcecode.swift; path = BreedImageViewCell.swift; sourceTree = "<group>"; };
		7577D60327F0FDE00016E0C7 /* BreedImageViewCell.xib */ = {isa = PBXFileReference; lastKnownFileType = file.xib; path = BreedImageViewCell.xib; sourceTree = "<group>"; };
		7577D60727F149C00016E0C7 /* UIImageView+DogBreeds.swift */ = {isa = PBXFileReference; lastKnownFileType = sourcecode.swift; path = "UIImageView+DogBreeds.swift"; sourceTree = "<group>"; };
		75ABC76727E961ED00C4F1C8 /* Dog Breeds.app */ = {isa = PBXFileReference; explicitFileType = wrapper.application; includeInIndex = 0; path = "Dog Breeds.app"; sourceTree = BUILT_PRODUCTS_DIR; };
		75ABC76A27E961ED00C4F1C8 /* AppDelegate.swift */ = {isa = PBXFileReference; lastKnownFileType = sourcecode.swift; path = AppDelegate.swift; sourceTree = "<group>"; };
		75ABC77327E961F000C4F1C8 /* Assets.xcassets */ = {isa = PBXFileReference; lastKnownFileType = folder.assetcatalog; path = Assets.xcassets; sourceTree = "<group>"; };
		75ABC77627E961F000C4F1C8 /* Base */ = {isa = PBXFileReference; lastKnownFileType = file.storyboard; name = Base; path = Base.lproj/LaunchScreen.storyboard; sourceTree = "<group>"; };
		75ABC77827E961F000C4F1C8 /* Info.plist */ = {isa = PBXFileReference; lastKnownFileType = text.plist.xml; path = Info.plist; sourceTree = "<group>"; };
		75C26FA627ED63D00047CFB7 /* DogBreedsViewController.swift */ = {isa = PBXFileReference; lastKnownFileType = sourcecode.swift; path = DogBreedsViewController.swift; sourceTree = "<group>"; };
		75C26FA727ED63D00047CFB7 /* DogBreedsViewController.xib */ = {isa = PBXFileReference; lastKnownFileType = file.xib; path = DogBreedsViewController.xib; sourceTree = "<group>"; };
		75C26FAA27ED640F0047CFB7 /* DogBreedsConfigurator.swift */ = {isa = PBXFileReference; lastKnownFileType = sourcecode.swift; path = DogBreedsConfigurator.swift; sourceTree = "<group>"; };
		75C26FAE27ED6BF10047CFB7 /* DogBreedsInteractor.swift */ = {isa = PBXFileReference; lastKnownFileType = sourcecode.swift; path = DogBreedsInteractor.swift; sourceTree = "<group>"; };
		75C26FB027ED6BFC0047CFB7 /* DogBreedsPresenter.swift */ = {isa = PBXFileReference; lastKnownFileType = sourcecode.swift; path = DogBreedsPresenter.swift; sourceTree = "<group>"; };
		75C26FB227ED6C080047CFB7 /* DogBreedsRouter.swift */ = {isa = PBXFileReference; lastKnownFileType = sourcecode.swift; path = DogBreedsRouter.swift; sourceTree = "<group>"; };
		75C26FB627EDEFC20047CFB7 /* BreedViewController.swift */ = {isa = PBXFileReference; lastKnownFileType = sourcecode.swift; path = BreedViewController.swift; sourceTree = "<group>"; };
		75C26FB727EDEFC20047CFB7 /* BreedViewController.xib */ = {isa = PBXFileReference; lastKnownFileType = file.xib; path = BreedViewController.xib; sourceTree = "<group>"; };
		75C26FBA27EDF0010047CFB7 /* BreedConfigurator.swift */ = {isa = PBXFileReference; lastKnownFileType = sourcecode.swift; path = BreedConfigurator.swift; sourceTree = "<group>"; };
		75C26FBC27EDF0860047CFB7 /* BreedInteractor.swift */ = {isa = PBXFileReference; lastKnownFileType = sourcecode.swift; path = BreedInteractor.swift; sourceTree = "<group>"; };
		75C26FBE27EDF0A70047CFB7 /* BreedPresenter.swift */ = {isa = PBXFileReference; lastKnownFileType = sourcecode.swift; path = BreedPresenter.swift; sourceTree = "<group>"; };
		75C26FC027EDF0B60047CFB7 /* BreedRouter.swift */ = {isa = PBXFileReference; lastKnownFileType = sourcecode.swift; path = BreedRouter.swift; sourceTree = "<group>"; };
		75C26FC827EE17AA0047CFB7 /* DogBreedsModel.swift */ = {isa = PBXFileReference; lastKnownFileType = sourcecode.swift; path = DogBreedsModel.swift; sourceTree = "<group>"; };
		75C26FCA27EE17C10047CFB7 /* BreedModel.swift */ = {isa = PBXFileReference; lastKnownFileType = sourcecode.swift; path = BreedModel.swift; sourceTree = "<group>"; };
		75C26FD027EE21AD0047CFB7 /* Dog Breeds Tests.xctest */ = {isa = PBXFileReference; explicitFileType = wrapper.cfbundle; includeInIndex = 0; path = "Dog Breeds Tests.xctest"; sourceTree = BUILT_PRODUCTS_DIR; };
		75C26FDB27EE225B0047CFB7 /* DogBreedsViewTests.swift */ = {isa = PBXFileReference; lastKnownFileType = sourcecode.swift; path = DogBreedsViewTests.swift; sourceTree = "<group>"; };
		75C26FDE27EE26C10047CFB7 /* DogBreedsInteractorSpy.swift */ = {isa = PBXFileReference; lastKnownFileType = sourcecode.swift; path = DogBreedsInteractorSpy.swift; sourceTree = "<group>"; };
		75C26FE427EE2A720047CFB7 /* DogBreedsInteractorTests.swift */ = {isa = PBXFileReference; lastKnownFileType = sourcecode.swift; path = DogBreedsInteractorTests.swift; sourceTree = "<group>"; };
		75C26FE627EE2AF30047CFB7 /* DogBreedsPresenterSpy.swift */ = {isa = PBXFileReference; lastKnownFileType = sourcecode.swift; path = DogBreedsPresenterSpy.swift; sourceTree = "<group>"; };
		75C26FE927EE40CA0047CFB7 /* Seeds.swift */ = {isa = PBXFileReference; lastKnownFileType = sourcecode.swift; path = Seeds.swift; sourceTree = "<group>"; };
		75C26FEB27EE42F10047CFB7 /* DogBreedsWorkerSpy.swift */ = {isa = PBXFileReference; lastKnownFileType = sourcecode.swift; path = DogBreedsWorkerSpy.swift; sourceTree = "<group>"; };
		75C26FED27EE47990047CFB7 /* DogBreedsPresenterTests.swift */ = {isa = PBXFileReference; lastKnownFileType = sourcecode.swift; path = DogBreedsPresenterTests.swift; sourceTree = "<group>"; };
		75C26FEF27EE484D0047CFB7 /* DogBreedsViewSpy.swift */ = {isa = PBXFileReference; lastKnownFileType = sourcecode.swift; path = DogBreedsViewSpy.swift; sourceTree = "<group>"; };
		75D4883B27EF614900BF6355 /* BreedViewCell.swift */ = {isa = PBXFileReference; lastKnownFileType = sourcecode.swift; path = BreedViewCell.swift; sourceTree = "<group>"; };
		75D4883C27EF614900BF6355 /* BreedViewCell.xib */ = {isa = PBXFileReference; lastKnownFileType = file.xib; path = BreedViewCell.xib; sourceTree = "<group>"; };
		E42B451B280DAD3B00A2E4CC /* ListBreedServiceLocator.swift */ = {isa = PBXFileReference; lastKnownFileType = sourcecode.swift; path = ListBreedServiceLocator.swift; sourceTree = "<group>"; };
		E434664F28075BB100FF91F3 /* ListBreedRestApi.swift */ = {isa = PBXFileReference; lastKnownFileType = sourcecode.swift; path = ListBreedRestApi.swift; sourceTree = "<group>"; };
		E434665128075BC100FF91F3 /* ListBreedURLSessionRestApi.swift */ = {isa = PBXFileReference; lastKnownFileType = sourcecode.swift; path = ListBreedURLSessionRestApi.swift; sourceTree = "<group>"; };
		E434665428077C7E00FF91F3 /* BreedRestApiProtocol.swift */ = {isa = PBXFileReference; lastKnownFileType = sourcecode.swift; path = BreedRestApiProtocol.swift; sourceTree = "<group>"; };
		E434665628077C8900FF91F3 /* BreedRestApi.swift */ = {isa = PBXFileReference; lastKnownFileType = sourcecode.swift; path = BreedRestApi.swift; sourceTree = "<group>"; };
		E43466622808DAA500FF91F3 /* ListBreedRepository.swift */ = {isa = PBXFileReference; lastKnownFileType = sourcecode.swift; path = ListBreedRepository.swift; sourceTree = "<group>"; };
		E43466642808DAAE00FF91F3 /* ListBreedApiRepository.swift */ = {isa = PBXFileReference; lastKnownFileType = sourcecode.swift; path = ListBreedApiRepository.swift; sourceTree = "<group>"; };
		E43466662808DAE500FF91F3 /* ListBreedUseCase.swift */ = {isa = PBXFileReference; lastKnownFileType = sourcecode.swift; path = ListBreedUseCase.swift; sourceTree = "<group>"; };
		E434666B2808DBAC00FF91F3 /* ListBreed.swift */ = {isa = PBXFileReference; lastKnownFileType = sourcecode.swift; path = ListBreed.swift; sourceTree = "<group>"; };
		E434666D2808EFC300FF91F3 /* BreedImage.swift */ = {isa = PBXFileReference; lastKnownFileType = sourcecode.swift; path = BreedImage.swift; sourceTree = "<group>"; };
		E434666F2808F01700FF91F3 /* BreedImageUseCase.swift */ = {isa = PBXFileReference; lastKnownFileType = sourcecode.swift; path = BreedImageUseCase.swift; sourceTree = "<group>"; };
		E43466712808F0B700FF91F3 /* BreedImageApiRepositoryProtocol.swift */ = {isa = PBXFileReference; lastKnownFileType = sourcecode.swift; path = BreedImageApiRepositoryProtocol.swift; sourceTree = "<group>"; };
		E43466732808F0C700FF91F3 /* BreedImageApiRepository.swift */ = {isa = PBXFileReference; lastKnownFileType = sourcecode.swift; path = BreedImageApiRepository.swift; sourceTree = "<group>"; };
/* End PBXFileReference section */

/* Begin PBXFrameworksBuildPhase section */
		75ABC76427E961ED00C4F1C8 /* Frameworks */ = {
			isa = PBXFrameworksBuildPhase;
			buildActionMask = 2147483647;
			files = (
			);
			runOnlyForDeploymentPostprocessing = 0;
		};
		75C26FCD27EE21AD0047CFB7 /* Frameworks */ = {
			isa = PBXFrameworksBuildPhase;
			buildActionMask = 2147483647;
			files = (
			);
			runOnlyForDeploymentPostprocessing = 0;
		};
/* End PBXFrameworksBuildPhase section */

/* Begin PBXGroup section */
		757081EE27F0D245007CDD3A /* Breed */ = {
			isa = PBXGroup;
			children = (
				757081EF27F0D24B007CDD3A /* Spy */,
				757081F027F0D269007CDD3A /* BreedViewTests.swift */,
				757081F427F0D5FB007CDD3A /* BreedInteractorTests.swift */,
				757081FC27F0E0D9007CDD3A /* BreedPresenterTests.swift */,
			);
			path = Breed;
			sourceTree = "<group>";
		};
		757081EF27F0D24B007CDD3A /* Spy */ = {
			isa = PBXGroup;
			children = (
				757081F227F0D345007CDD3A /* BreedInteractorSpy.swift */,
				757081F627F0D60B007CDD3A /* BreedPresenterSpy.swift */,
				757081FA27F0E0BF007CDD3A /* BreedViewSpy.swift */,
			);
			path = Spy;
			sourceTree = "<group>";
		};
		7577D60127F0FDBA0016E0C7 /* Cells */ = {
			isa = PBXGroup;
			children = (
				7577D60327F0FDE00016E0C7 /* BreedImageViewCell.xib */,
				7577D60227F0FDE00016E0C7 /* BreedImageViewCell.swift */,
			);
			path = Cells;
			sourceTree = "<group>";
		};
		7577D60627F149A60016E0C7 /* Extension */ = {
			isa = PBXGroup;
			children = (
				7577D60727F149C00016E0C7 /* UIImageView+DogBreeds.swift */,
			);
			path = Extension;
			sourceTree = "<group>";
		};
		75ABC75E27E961ED00C4F1C8 = {
			isa = PBXGroup;
			children = (
				75ABC76927E961ED00C4F1C8 /* Dog Breeds */,
				75C26FD127EE21AD0047CFB7 /* Dog Breeds Tests */,
				75ABC76827E961ED00C4F1C8 /* Products */,
			);
			sourceTree = "<group>";
		};
		75ABC76827E961ED00C4F1C8 /* Products */ = {
			isa = PBXGroup;
			children = (
				75ABC76727E961ED00C4F1C8 /* Dog Breeds.app */,
				75C26FD027EE21AD0047CFB7 /* Dog Breeds Tests.xctest */,
			);
			name = Products;
			sourceTree = "<group>";
		};
		75ABC76927E961ED00C4F1C8 /* Dog Breeds */ = {
			isa = PBXGroup;
			children = (
				75C26FB427ED6CA30047CFB7 /* App */,
				75C26FAC27ED64220047CFB7 /* Scenes */,
				7577D60627F149A60016E0C7 /* Extension */,
				75C26FC727EDF37C0047CFB7 /* Resources */,
			);
			path = "Dog Breeds";
			sourceTree = "<group>";
		};
		75C26FAC27ED64220047CFB7 /* Scenes */ = {
			isa = PBXGroup;
			children = (
				75C26FAD27ED642F0047CFB7 /* List Breed */,
				75C26FB527EDEF050047CFB7 /* Breed */,
			);
			path = Scenes;
			sourceTree = "<group>";
		};
		75C26FAD27ED642F0047CFB7 /* List Breed */ = {
			isa = PBXGroup;
			children = (
				E42B451A280DAD1D00A2E4CC /* DI */,
				E43466592808D55500FF91F3 /* Data */,
				E434665C2808DA2400FF91F3 /* Domain */,
				75D4883A27EF612100BF6355 /* Cells */,
				75C26FA727ED63D00047CFB7 /* DogBreedsViewController.xib */,
				75C26FA627ED63D00047CFB7 /* DogBreedsViewController.swift */,
				75C26FAA27ED640F0047CFB7 /* DogBreedsConfigurator.swift */,
				75C26FAE27ED6BF10047CFB7 /* DogBreedsInteractor.swift */,
				75C26FB027ED6BFC0047CFB7 /* DogBreedsPresenter.swift */,
				75C26FB227ED6C080047CFB7 /* DogBreedsRouter.swift */,
				75C26FC827EE17AA0047CFB7 /* DogBreedsModel.swift */,
			);
			path = "List Breed";
			sourceTree = "<group>";
		};
		75C26FB427ED6CA30047CFB7 /* App */ = {
			isa = PBXGroup;
			children = (
				75ABC76A27E961ED00C4F1C8 /* AppDelegate.swift */,
			);
			path = App;
			sourceTree = "<group>";
		};
		75C26FB527EDEF050047CFB7 /* Breed */ = {
			isa = PBXGroup;
			children = (
				E434665A2808D56400FF91F3 /* Data */,
				E434665F2808DA5800FF91F3 /* Domain */,
				7577D60127F0FDBA0016E0C7 /* Cells */,
				75C26FB727EDEFC20047CFB7 /* BreedViewController.xib */,
				75C26FB627EDEFC20047CFB7 /* BreedViewController.swift */,
				75C26FBA27EDF0010047CFB7 /* BreedConfigurator.swift */,
				75C26FBC27EDF0860047CFB7 /* BreedInteractor.swift */,
				75C26FBE27EDF0A70047CFB7 /* BreedPresenter.swift */,
				75C26FC027EDF0B60047CFB7 /* BreedRouter.swift */,
				75C26FCA27EE17C10047CFB7 /* BreedModel.swift */,
			);
			path = Breed;
			sourceTree = "<group>";
		};
		75C26FC727EDF37C0047CFB7 /* Resources */ = {
			isa = PBXGroup;
			children = (
				75ABC77827E961F000C4F1C8 /* Info.plist */,
				75ABC77327E961F000C4F1C8 /* Assets.xcassets */,
				75ABC77527E961F000C4F1C8 /* LaunchScreen.storyboard */,
			);
			path = Resources;
			sourceTree = "<group>";
		};
		75C26FD127EE21AD0047CFB7 /* Dog Breeds Tests */ = {
			isa = PBXGroup;
			children = (
				75C26FE827EE2FD50047CFB7 /* Worker */,
				75C26FD927EE21FC0047CFB7 /* Scenes */,
				75C26FE927EE40CA0047CFB7 /* Seeds.swift */,
			);
			path = "Dog Breeds Tests";
			sourceTree = "<group>";
		};
		75C26FD927EE21FC0047CFB7 /* Scenes */ = {
			isa = PBXGroup;
			children = (
				757081EE27F0D245007CDD3A /* Breed */,
				75C26FDA27EE22080047CFB7 /* List Breed */,
			);
			path = Scenes;
			sourceTree = "<group>";
		};
		75C26FDA27EE22080047CFB7 /* List Breed */ = {
			isa = PBXGroup;
			children = (
				75C26FDD27EE26AC0047CFB7 /* Spy */,
				75C26FDB27EE225B0047CFB7 /* DogBreedsViewTests.swift */,
				75C26FE427EE2A720047CFB7 /* DogBreedsInteractorTests.swift */,
				75C26FED27EE47990047CFB7 /* DogBreedsPresenterTests.swift */,
			);
			path = "List Breed";
			sourceTree = "<group>";
		};
		75C26FDD27EE26AC0047CFB7 /* Spy */ = {
			isa = PBXGroup;
			children = (
				75C26FDE27EE26C10047CFB7 /* DogBreedsInteractorSpy.swift */,
				75C26FE627EE2AF30047CFB7 /* DogBreedsPresenterSpy.swift */,
				75C26FEF27EE484D0047CFB7 /* DogBreedsViewSpy.swift */,
			);
			path = Spy;
			sourceTree = "<group>";
		};
		75C26FE827EE2FD50047CFB7 /* Worker */ = {
			isa = PBXGroup;
			children = (
				75C26FEB27EE42F10047CFB7 /* DogBreedsWorkerSpy.swift */,
			);
			path = Worker;
			sourceTree = "<group>";
		};
		75D4883A27EF612100BF6355 /* Cells */ = {
			isa = PBXGroup;
			children = (
				75D4883C27EF614900BF6355 /* BreedViewCell.xib */,
				75D4883B27EF614900BF6355 /* BreedViewCell.swift */,
			);
			path = Cells;
			sourceTree = "<group>";
		};
		E42B451A280DAD1D00A2E4CC /* DI */ = {
			isa = PBXGroup;
			children = (
				E42B451B280DAD3B00A2E4CC /* ListBreedServiceLocator.swift */,
			);
			path = DI;
			sourceTree = "<group>";
		};
		E434664E2807588500FF91F3 /* Network */ = {
			isa = PBXGroup;
			children = (
				E434664F28075BB100FF91F3 /* ListBreedRestApi.swift */,
				E434665128075BC100FF91F3 /* ListBreedURLSessionRestApi.swift */,
			);
			path = Network;
			sourceTree = "<group>";
		};
		E434665328077C5F00FF91F3 /* Network */ = {
			isa = PBXGroup;
			children = (
				E434665428077C7E00FF91F3 /* BreedRestApiProtocol.swift */,
				E434665628077C8900FF91F3 /* BreedRestApi.swift */,
			);
			path = Network;
			sourceTree = "<group>";
		};
		E43466582808D54400FF91F3 /* Repository */ = {
			isa = PBXGroup;
			children = (
				E43466622808DAA500FF91F3 /* ListBreedRepository.swift */,
				E43466642808DAAE00FF91F3 /* ListBreedApiRepository.swift */,
			);
			path = Repository;
			sourceTree = "<group>";
		};
		E43466592808D55500FF91F3 /* Data */ = {
			isa = PBXGroup;
			children = (
				E43466582808D54400FF91F3 /* Repository */,
				E434664E2807588500FF91F3 /* Network */,
			);
			path = Data;
			sourceTree = "<group>";
		};
		E434665A2808D56400FF91F3 /* Data */ = {
			isa = PBXGroup;
			children = (
				E434665B2808D56900FF91F3 /* Repository */,
				E434665328077C5F00FF91F3 /* Network */,
			);
			path = Data;
			sourceTree = "<group>";
		};
		E434665B2808D56900FF91F3 /* Repository */ = {
			isa = PBXGroup;
			children = (
				E43466712808F0B700FF91F3 /* BreedImageApiRepositoryProtocol.swift */,
				E43466732808F0C700FF91F3 /* BreedImageApiRepository.swift */,
			);
			path = Repository;
			sourceTree = "<group>";
		};
		E434665C2808DA2400FF91F3 /* Domain */ = {
			isa = PBXGroup;
			children = (
				E434665D2808DA3A00FF91F3 /* Use Case */,
				E434666A2808DBA000FF91F3 /* Model */,
			);
			path = Domain;
			sourceTree = "<group>";
		};
		E434665D2808DA3A00FF91F3 /* Use Case */ = {
			isa = PBXGroup;
			children = (
				E43466662808DAE500FF91F3 /* ListBreedUseCase.swift */,
			);
			path = "Use Case";
			sourceTree = "<group>";
		};
		E434665F2808DA5800FF91F3 /* Domain */ = {
			isa = PBXGroup;
			children = (
				E43466612808DA6900FF91F3 /* Use Case */,
				E43466602808DA6200FF91F3 /* Model */,
			);
			path = Domain;
			sourceTree = "<group>";
		};
		E43466602808DA6200FF91F3 /* Model */ = {
			isa = PBXGroup;
			children = (
				E434666D2808EFC300FF91F3 /* BreedImage.swift */,
			);
			path = Model;
			sourceTree = "<group>";
		};
		E43466612808DA6900FF91F3 /* Use Case */ = {
			isa = PBXGroup;
			children = (
				E434666F2808F01700FF91F3 /* BreedImageUseCase.swift */,
			);
			path = "Use Case";
			sourceTree = "<group>";
		};
		E434666A2808DBA000FF91F3 /* Model */ = {
			isa = PBXGroup;
			children = (
				E434666B2808DBAC00FF91F3 /* ListBreed.swift */,
			);
			path = Model;
			sourceTree = "<group>";
		};
/* End PBXGroup section */

/* Begin PBXNativeTarget section */
		75ABC76627E961ED00C4F1C8 /* Dog Breeds */ = {
			isa = PBXNativeTarget;
			buildConfigurationList = 75ABC77B27E961F000C4F1C8 /* Build configuration list for PBXNativeTarget "Dog Breeds" */;
			buildPhases = (
				75ABC76327E961ED00C4F1C8 /* Sources */,
				75ABC76427E961ED00C4F1C8 /* Frameworks */,
				75ABC76527E961ED00C4F1C8 /* Resources */,
			);
			buildRules = (
			);
			dependencies = (
			);
			name = "Dog Breeds";
			productName = "Dog Breeds";
			productReference = 75ABC76727E961ED00C4F1C8 /* Dog Breeds.app */;
			productType = "com.apple.product-type.application";
		};
		75C26FCF27EE21AD0047CFB7 /* Dog Breeds Tests */ = {
			isa = PBXNativeTarget;
			buildConfigurationList = 75C26FD827EE21AD0047CFB7 /* Build configuration list for PBXNativeTarget "Dog Breeds Tests" */;
			buildPhases = (
				75C26FCC27EE21AD0047CFB7 /* Sources */,
				75C26FCD27EE21AD0047CFB7 /* Frameworks */,
				75C26FCE27EE21AD0047CFB7 /* Resources */,
			);
			buildRules = (
			);
			dependencies = (
				75C26FD527EE21AD0047CFB7 /* PBXTargetDependency */,
			);
			name = "Dog Breeds Tests";
			productName = "Dog Breeds Tests";
			productReference = 75C26FD027EE21AD0047CFB7 /* Dog Breeds Tests.xctest */;
			productType = "com.apple.product-type.bundle.unit-test";
		};
/* End PBXNativeTarget section */

/* Begin PBXProject section */
		75ABC75F27E961ED00C4F1C8 /* Project object */ = {
			isa = PBXProject;
			attributes = {
				BuildIndependentTargetsInParallel = 1;
				LastSwiftUpdateCheck = 1330;
				LastUpgradeCheck = 1330;
				TargetAttributes = {
					75ABC76627E961ED00C4F1C8 = {
						CreatedOnToolsVersion = 13.3;
					};
					75C26FCF27EE21AD0047CFB7 = {
						CreatedOnToolsVersion = 13.3;
						TestTargetID = 75ABC76627E961ED00C4F1C8;
					};
				};
			};
			buildConfigurationList = 75ABC76227E961ED00C4F1C8 /* Build configuration list for PBXProject "Dog Breeds" */;
			compatibilityVersion = "Xcode 11.4";
			developmentRegion = en;
			hasScannedForEncodings = 0;
			knownRegions = (
				en,
				Base,
			);
			mainGroup = 75ABC75E27E961ED00C4F1C8;
			productRefGroup = 75ABC76827E961ED00C4F1C8 /* Products */;
			projectDirPath = "";
			projectRoot = "";
			targets = (
				75ABC76627E961ED00C4F1C8 /* Dog Breeds */,
				75C26FCF27EE21AD0047CFB7 /* Dog Breeds Tests */,
			);
		};
/* End PBXProject section */

/* Begin PBXResourcesBuildPhase section */
		75ABC76527E961ED00C4F1C8 /* Resources */ = {
			isa = PBXResourcesBuildPhase;
			buildActionMask = 2147483647;
			files = (
				75ABC77727E961F000C4F1C8 /* LaunchScreen.storyboard in Resources */,
				75C26FB927EDEFC20047CFB7 /* BreedViewController.xib in Resources */,
				75C26FA927ED63D00047CFB7 /* DogBreedsViewController.xib in Resources */,
				7577D60527F0FDE00016E0C7 /* BreedImageViewCell.xib in Resources */,
				75ABC77427E961F000C4F1C8 /* Assets.xcassets in Resources */,
				75D4883E27EF614900BF6355 /* BreedViewCell.xib in Resources */,
			);
			runOnlyForDeploymentPostprocessing = 0;
		};
		75C26FCE27EE21AD0047CFB7 /* Resources */ = {
			isa = PBXResourcesBuildPhase;
			buildActionMask = 2147483647;
			files = (
			);
			runOnlyForDeploymentPostprocessing = 0;
		};
/* End PBXResourcesBuildPhase section */

/* Begin PBXSourcesBuildPhase section */
		75ABC76327E961ED00C4F1C8 /* Sources */ = {
			isa = PBXSourcesBuildPhase;
			buildActionMask = 2147483647;
			files = (
				75C26FAB27ED640F0047CFB7 /* DogBreedsConfigurator.swift in Sources */,
				E43466722808F0B700FF91F3 /* BreedImageApiRepositoryProtocol.swift in Sources */,
				E43466652808DAAE00FF91F3 /* ListBreedApiRepository.swift in Sources */,
				E434666C2808DBAC00FF91F3 /* ListBreed.swift in Sources */,
				75C26FC127EDF0B60047CFB7 /* BreedRouter.swift in Sources */,
				75C26FBF27EDF0A70047CFB7 /* BreedPresenter.swift in Sources */,
				7577D60427F0FDE00016E0C7 /* BreedImageViewCell.swift in Sources */,
				75C26FB827EDEFC20047CFB7 /* BreedViewController.swift in Sources */,
				7577D60827F149C00016E0C7 /* UIImageView+DogBreeds.swift in Sources */,
				75C26FCB27EE17C10047CFB7 /* BreedModel.swift in Sources */,
				75C26FB127ED6BFC0047CFB7 /* DogBreedsPresenter.swift in Sources */,
				E434665728077C8900FF91F3 /* BreedRestApi.swift in Sources */,
				E434665228075BC100FF91F3 /* ListBreedURLSessionRestApi.swift in Sources */,
				E43466742808F0C700FF91F3 /* BreedImageApiRepository.swift in Sources */,
				75C26FB327ED6C080047CFB7 /* DogBreedsRouter.swift in Sources */,
				75C26FAF27ED6BF10047CFB7 /* DogBreedsInteractor.swift in Sources */,
				75C26FC927EE17AA0047CFB7 /* DogBreedsModel.swift in Sources */,
				75C26FA827ED63D00047CFB7 /* DogBreedsViewController.swift in Sources */,
				E43466672808DAE500FF91F3 /* ListBreedUseCase.swift in Sources */,
				E434666E2808EFC300FF91F3 /* BreedImage.swift in Sources */,
				75ABC76B27E961ED00C4F1C8 /* AppDelegate.swift in Sources */,
				E43466702808F01700FF91F3 /* BreedImageUseCase.swift in Sources */,
				75D4883D27EF614900BF6355 /* BreedViewCell.swift in Sources */,
				75C26FBB27EDF0010047CFB7 /* BreedConfigurator.swift in Sources */,
				E434665528077C7E00FF91F3 /* BreedRestApiProtocol.swift in Sources */,
				75C26FBD27EDF0860047CFB7 /* BreedInteractor.swift in Sources */,
				E434665028075BB100FF91F3 /* ListBreedRestApi.swift in Sources */,
				E43466632808DAA500FF91F3 /* ListBreedRepository.swift in Sources */,
				E42B451C280DAD3B00A2E4CC /* ListBreedServiceLocator.swift in Sources */,
			);
			runOnlyForDeploymentPostprocessing = 0;
		};
		75C26FCC27EE21AD0047CFB7 /* Sources */ = {
			isa = PBXSourcesBuildPhase;
			buildActionMask = 2147483647;
			files = (
				75C26FDC27EE225B0047CFB7 /* DogBreedsViewTests.swift in Sources */,
				75C26FE727EE2AF30047CFB7 /* DogBreedsPresenterSpy.swift in Sources */,
				757081F327F0D345007CDD3A /* BreedInteractorSpy.swift in Sources */,
				75C26FE527EE2A720047CFB7 /* DogBreedsInteractorTests.swift in Sources */,
				75C26FEE27EE47990047CFB7 /* DogBreedsPresenterTests.swift in Sources */,
				75C26FDF27EE26C10047CFB7 /* DogBreedsInteractorSpy.swift in Sources */,
				75C26FEC27EE42F10047CFB7 /* DogBreedsWorkerSpy.swift in Sources */,
				757081FB27F0E0C0007CDD3A /* BreedViewSpy.swift in Sources */,
				757081F127F0D269007CDD3A /* BreedViewTests.swift in Sources */,
				757081FD27F0E0D9007CDD3A /* BreedPresenterTests.swift in Sources */,
				757081F727F0D60B007CDD3A /* BreedPresenterSpy.swift in Sources */,
				757081F527F0D5FB007CDD3A /* BreedInteractorTests.swift in Sources */,
				75C26FEA27EE40CA0047CFB7 /* Seeds.swift in Sources */,
				75C26FF027EE484D0047CFB7 /* DogBreedsViewSpy.swift in Sources */,
			);
			runOnlyForDeploymentPostprocessing = 0;
		};
/* End PBXSourcesBuildPhase section */

/* Begin PBXTargetDependency section */
		75C26FD527EE21AD0047CFB7 /* PBXTargetDependency */ = {
			isa = PBXTargetDependency;
			target = 75ABC76627E961ED00C4F1C8 /* Dog Breeds */;
			targetProxy = 75C26FD427EE21AD0047CFB7 /* PBXContainerItemProxy */;
		};
/* End PBXTargetDependency section */

/* Begin PBXVariantGroup section */
		75ABC77527E961F000C4F1C8 /* LaunchScreen.storyboard */ = {
			isa = PBXVariantGroup;
			children = (
				75ABC77627E961F000C4F1C8 /* Base */,
			);
			name = LaunchScreen.storyboard;
			sourceTree = "<group>";
		};
/* End PBXVariantGroup section */

/* Begin XCBuildConfiguration section */
		75ABC77927E961F000C4F1C8 /* Debug */ = {
			isa = XCBuildConfiguration;
			buildSettings = {
				ALWAYS_SEARCH_USER_PATHS = NO;
				CLANG_ANALYZER_NONNULL = YES;
				CLANG_ANALYZER_NUMBER_OBJECT_CONVERSION = YES_AGGRESSIVE;
				CLANG_CXX_LANGUAGE_STANDARD = "gnu++17";
				CLANG_ENABLE_MODULES = YES;
				CLANG_ENABLE_OBJC_ARC = YES;
				CLANG_ENABLE_OBJC_WEAK = YES;
				CLANG_WARN_BLOCK_CAPTURE_AUTORELEASING = YES;
				CLANG_WARN_BOOL_CONVERSION = YES;
				CLANG_WARN_COMMA = YES;
				CLANG_WARN_CONSTANT_CONVERSION = YES;
				CLANG_WARN_DEPRECATED_OBJC_IMPLEMENTATIONS = YES;
				CLANG_WARN_DIRECT_OBJC_ISA_USAGE = YES_ERROR;
				CLANG_WARN_DOCUMENTATION_COMMENTS = YES;
				CLANG_WARN_EMPTY_BODY = YES;
				CLANG_WARN_ENUM_CONVERSION = YES;
				CLANG_WARN_INFINITE_RECURSION = YES;
				CLANG_WARN_INT_CONVERSION = YES;
				CLANG_WARN_NON_LITERAL_NULL_CONVERSION = YES;
				CLANG_WARN_OBJC_IMPLICIT_RETAIN_SELF = YES;
				CLANG_WARN_OBJC_LITERAL_CONVERSION = YES;
				CLANG_WARN_OBJC_ROOT_CLASS = YES_ERROR;
				CLANG_WARN_QUOTED_INCLUDE_IN_FRAMEWORK_HEADER = YES;
				CLANG_WARN_RANGE_LOOP_ANALYSIS = YES;
				CLANG_WARN_STRICT_PROTOTYPES = YES;
				CLANG_WARN_SUSPICIOUS_MOVE = YES;
				CLANG_WARN_UNGUARDED_AVAILABILITY = YES_AGGRESSIVE;
				CLANG_WARN_UNREACHABLE_CODE = YES;
				CLANG_WARN__DUPLICATE_METHOD_MATCH = YES;
				COPY_PHASE_STRIP = NO;
				DEBUG_INFORMATION_FORMAT = dwarf;
				ENABLE_STRICT_OBJC_MSGSEND = YES;
				ENABLE_TESTABILITY = YES;
				GCC_C_LANGUAGE_STANDARD = gnu11;
				GCC_DYNAMIC_NO_PIC = NO;
				GCC_NO_COMMON_BLOCKS = YES;
				GCC_OPTIMIZATION_LEVEL = 0;
				GCC_PREPROCESSOR_DEFINITIONS = (
					"DEBUG=1",
					"$(inherited)",
				);
				GCC_WARN_64_TO_32_BIT_CONVERSION = YES;
				GCC_WARN_ABOUT_RETURN_TYPE = YES_ERROR;
				GCC_WARN_UNDECLARED_SELECTOR = YES;
				GCC_WARN_UNINITIALIZED_AUTOS = YES_AGGRESSIVE;
				GCC_WARN_UNUSED_FUNCTION = YES;
				GCC_WARN_UNUSED_VARIABLE = YES;
				IPHONEOS_DEPLOYMENT_TARGET = 10.0;
				MTL_ENABLE_DEBUG_INFO = INCLUDE_SOURCE;
				MTL_FAST_MATH = YES;
				ONLY_ACTIVE_ARCH = YES;
				SDKROOT = iphoneos;
				SWIFT_ACTIVE_COMPILATION_CONDITIONS = DEBUG;
				SWIFT_OPTIMIZATION_LEVEL = "-Onone";
			};
			name = Debug;
		};
		75ABC77A27E961F000C4F1C8 /* Release */ = {
			isa = XCBuildConfiguration;
			buildSettings = {
				ALWAYS_SEARCH_USER_PATHS = NO;
				CLANG_ANALYZER_NONNULL = YES;
				CLANG_ANALYZER_NUMBER_OBJECT_CONVERSION = YES_AGGRESSIVE;
				CLANG_CXX_LANGUAGE_STANDARD = "gnu++17";
				CLANG_ENABLE_MODULES = YES;
				CLANG_ENABLE_OBJC_ARC = YES;
				CLANG_ENABLE_OBJC_WEAK = YES;
				CLANG_WARN_BLOCK_CAPTURE_AUTORELEASING = YES;
				CLANG_WARN_BOOL_CONVERSION = YES;
				CLANG_WARN_COMMA = YES;
				CLANG_WARN_CONSTANT_CONVERSION = YES;
				CLANG_WARN_DEPRECATED_OBJC_IMPLEMENTATIONS = YES;
				CLANG_WARN_DIRECT_OBJC_ISA_USAGE = YES_ERROR;
				CLANG_WARN_DOCUMENTATION_COMMENTS = YES;
				CLANG_WARN_EMPTY_BODY = YES;
				CLANG_WARN_ENUM_CONVERSION = YES;
				CLANG_WARN_INFINITE_RECURSION = YES;
				CLANG_WARN_INT_CONVERSION = YES;
				CLANG_WARN_NON_LITERAL_NULL_CONVERSION = YES;
				CLANG_WARN_OBJC_IMPLICIT_RETAIN_SELF = YES;
				CLANG_WARN_OBJC_LITERAL_CONVERSION = YES;
				CLANG_WARN_OBJC_ROOT_CLASS = YES_ERROR;
				CLANG_WARN_QUOTED_INCLUDE_IN_FRAMEWORK_HEADER = YES;
				CLANG_WARN_RANGE_LOOP_ANALYSIS = YES;
				CLANG_WARN_STRICT_PROTOTYPES = YES;
				CLANG_WARN_SUSPICIOUS_MOVE = YES;
				CLANG_WARN_UNGUARDED_AVAILABILITY = YES_AGGRESSIVE;
				CLANG_WARN_UNREACHABLE_CODE = YES;
				CLANG_WARN__DUPLICATE_METHOD_MATCH = YES;
				COPY_PHASE_STRIP = NO;
				DEBUG_INFORMATION_FORMAT = "dwarf-with-dsym";
				ENABLE_NS_ASSERTIONS = NO;
				ENABLE_STRICT_OBJC_MSGSEND = YES;
				GCC_C_LANGUAGE_STANDARD = gnu11;
				GCC_NO_COMMON_BLOCKS = YES;
				GCC_WARN_64_TO_32_BIT_CONVERSION = YES;
				GCC_WARN_ABOUT_RETURN_TYPE = YES_ERROR;
				GCC_WARN_UNDECLARED_SELECTOR = YES;
				GCC_WARN_UNINITIALIZED_AUTOS = YES_AGGRESSIVE;
				GCC_WARN_UNUSED_FUNCTION = YES;
				GCC_WARN_UNUSED_VARIABLE = YES;
				IPHONEOS_DEPLOYMENT_TARGET = 10.0;
				MTL_ENABLE_DEBUG_INFO = NO;
				MTL_FAST_MATH = YES;
				SDKROOT = iphoneos;
				SWIFT_COMPILATION_MODE = wholemodule;
				SWIFT_OPTIMIZATION_LEVEL = "-O";
				VALIDATE_PRODUCT = YES;
			};
			name = Release;
		};
		75ABC77C27E961F000C4F1C8 /* Debug */ = {
			isa = XCBuildConfiguration;
			buildSettings = {
				ASSETCATALOG_COMPILER_APPICON_NAME = AppIcon;
				ASSETCATALOG_COMPILER_GLOBAL_ACCENT_COLOR_NAME = AccentColor;
				CODE_SIGN_STYLE = Automatic;
				CURRENT_PROJECT_VERSION = 1;
				DEVELOPMENT_TEAM = S9A2MK88Z3;
				GENERATE_INFOPLIST_FILE = YES;
				INFOPLIST_FILE = "Dog Breeds/Resources/Info.plist";
				INFOPLIST_KEY_UIApplicationSupportsIndirectInputEvents = YES;
				INFOPLIST_KEY_UILaunchStoryboardName = LaunchScreen;
				INFOPLIST_KEY_UISupportedInterfaceOrientations = UIInterfaceOrientationPortrait;
				INFOPLIST_KEY_UISupportedInterfaceOrientations_iPad = "UIInterfaceOrientationPortrait UIInterfaceOrientationPortraitUpsideDown UIInterfaceOrientationLandscapeLeft UIInterfaceOrientationLandscapeRight";
				INFOPLIST_KEY_UISupportedInterfaceOrientations_iPhone = "UIInterfaceOrientationPortrait UIInterfaceOrientationLandscapeLeft UIInterfaceOrientationLandscapeRight";
				IPHONEOS_DEPLOYMENT_TARGET = 10.0;
				LD_RUNPATH_SEARCH_PATHS = (
					"$(inherited)",
					"@executable_path/Frameworks",
				);
				MARKETING_VERSION = 1.0;
				PRODUCT_BUNDLE_IDENTIFIER = "cl.juanvegu.Dog-Breeds";
				PRODUCT_NAME = "$(TARGET_NAME)";
				SWIFT_EMIT_LOC_STRINGS = YES;
				SWIFT_VERSION = 5.0;
				TARGETED_DEVICE_FAMILY = 1;
			};
			name = Debug;
		};
		75ABC77D27E961F000C4F1C8 /* Release */ = {
			isa = XCBuildConfiguration;
			buildSettings = {
				ASSETCATALOG_COMPILER_APPICON_NAME = AppIcon;
				ASSETCATALOG_COMPILER_GLOBAL_ACCENT_COLOR_NAME = AccentColor;
				CODE_SIGN_STYLE = Automatic;
				CURRENT_PROJECT_VERSION = 1;
				DEVELOPMENT_TEAM = S9A2MK88Z3;
				GENERATE_INFOPLIST_FILE = YES;
				INFOPLIST_FILE = "Dog Breeds/Resources/Info.plist";
				INFOPLIST_KEY_UIApplicationSupportsIndirectInputEvents = YES;
				INFOPLIST_KEY_UILaunchStoryboardName = LaunchScreen;
				INFOPLIST_KEY_UISupportedInterfaceOrientations = UIInterfaceOrientationPortrait;
				INFOPLIST_KEY_UISupportedInterfaceOrientations_iPad = "UIInterfaceOrientationPortrait UIInterfaceOrientationPortraitUpsideDown UIInterfaceOrientationLandscapeLeft UIInterfaceOrientationLandscapeRight";
				INFOPLIST_KEY_UISupportedInterfaceOrientations_iPhone = "UIInterfaceOrientationPortrait UIInterfaceOrientationLandscapeLeft UIInterfaceOrientationLandscapeRight";
				IPHONEOS_DEPLOYMENT_TARGET = 10.0;
				LD_RUNPATH_SEARCH_PATHS = (
					"$(inherited)",
					"@executable_path/Frameworks",
				);
				MARKETING_VERSION = 1.0;
				PRODUCT_BUNDLE_IDENTIFIER = "cl.juanvegu.Dog-Breeds";
				PRODUCT_NAME = "$(TARGET_NAME)";
				SWIFT_EMIT_LOC_STRINGS = YES;
				SWIFT_VERSION = 5.0;
				TARGETED_DEVICE_FAMILY = 1;
			};
			name = Release;
		};
		75C26FD627EE21AD0047CFB7 /* Debug */ = {
			isa = XCBuildConfiguration;
			buildSettings = {
				BUNDLE_LOADER = "$(TEST_HOST)";
				CODE_SIGN_STYLE = Automatic;
				CURRENT_PROJECT_VERSION = 1;
				DEVELOPMENT_TEAM = S9A2MK88Z3;
				GENERATE_INFOPLIST_FILE = YES;
				IPHONEOS_DEPLOYMENT_TARGET = 14.5;
				MARKETING_VERSION = 1.0;
				PRODUCT_BUNDLE_IDENTIFIER = "cl.juanvegu.Dog-Breeds-Tests";
				PRODUCT_NAME = "$(TARGET_NAME)";
				SWIFT_EMIT_LOC_STRINGS = NO;
				SWIFT_VERSION = 5.0;
				TARGETED_DEVICE_FAMILY = "1,2";
				TEST_HOST = "$(BUILT_PRODUCTS_DIR)/Dog Breeds.app/Dog Breeds";
			};
			name = Debug;
		};
		75C26FD727EE21AD0047CFB7 /* Release */ = {
			isa = XCBuildConfiguration;
			buildSettings = {
				BUNDLE_LOADER = "$(TEST_HOST)";
				CODE_SIGN_STYLE = Automatic;
				CURRENT_PROJECT_VERSION = 1;
				DEVELOPMENT_TEAM = S9A2MK88Z3;
				GENERATE_INFOPLIST_FILE = YES;
				IPHONEOS_DEPLOYMENT_TARGET = 14.5;
				MARKETING_VERSION = 1.0;
				PRODUCT_BUNDLE_IDENTIFIER = "cl.juanvegu.Dog-Breeds-Tests";
				PRODUCT_NAME = "$(TARGET_NAME)";
				SWIFT_EMIT_LOC_STRINGS = NO;
				SWIFT_VERSION = 5.0;
				TARGETED_DEVICE_FAMILY = "1,2";
				TEST_HOST = "$(BUILT_PRODUCTS_DIR)/Dog Breeds.app/Dog Breeds";
			};
			name = Release;
		};
/* End XCBuildConfiguration section */

/* Begin XCConfigurationList section */
		75ABC76227E961ED00C4F1C8 /* Build configuration list for PBXProject "Dog Breeds" */ = {
			isa = XCConfigurationList;
			buildConfigurations = (
				75ABC77927E961F000C4F1C8 /* Debug */,
				75ABC77A27E961F000C4F1C8 /* Release */,
			);
			defaultConfigurationIsVisible = 0;
			defaultConfigurationName = Release;
		};
		75ABC77B27E961F000C4F1C8 /* Build configuration list for PBXNativeTarget "Dog Breeds" */ = {
			isa = XCConfigurationList;
			buildConfigurations = (
				75ABC77C27E961F000C4F1C8 /* Debug */,
				75ABC77D27E961F000C4F1C8 /* Release */,
			);
			defaultConfigurationIsVisible = 0;
			defaultConfigurationName = Release;
		};
		75C26FD827EE21AD0047CFB7 /* Build configuration list for PBXNativeTarget "Dog Breeds Tests" */ = {
			isa = XCConfigurationList;
			buildConfigurations = (
				75C26FD627EE21AD0047CFB7 /* Debug */,
				75C26FD727EE21AD0047CFB7 /* Release */,
			);
			defaultConfigurationIsVisible = 0;
			defaultConfigurationName = Release;
		};
/* End XCConfigurationList section */
	};
	rootObject = 75ABC75F27E961ED00C4F1C8 /* Project object */;
}
